// !$*UTF8*$!
{
	archiveVersion = 1;
	classes = {
	};
	objectVersion = 77;
	objects = {

/* Begin PBXBuildFile section */
		06639E837D93A6C0E122E9D7 /* RoleDestinationPolicy.swift in Sources */ = {isa = PBXBuildFile; fileRef = 691002273A01224D93FBBEF0 /* RoleDestinationPolicy.swift */; };
		0C502646AB77CF4EDD58D7B6 /* RoleDestinationPolicyTests.swift in Sources */ = {isa = PBXBuildFile; fileRef = C9FAA38FA65B3A14F178C873 /* RoleDestinationPolicyTests.swift */; };
		1C871F192594E2CD02119751 /* PrivacyInfo.xcprivacy in Resources */ = {isa = PBXBuildFile; fileRef = 313622262ECC323AC7B8136E /* PrivacyInfo.xcprivacy */; };
		21DB59557AC0F4793A1DA576 /* PerformanceView.swift in Sources */ = {isa = PBXBuildFile; fileRef = 9506EC7B316F186C69D450C3 /* PerformanceView.swift */; };
		25EB1150A2EA1A9E6D833411 /* IvyPortalInteractionTests.swift in Sources */ = {isa = PBXBuildFile; fileRef = 5B7128A183BCF55AA4436966 /* IvyPortalInteractionTests.swift */; };
		3C120183E7355A84ABFE60C5 /* PaymentsView.swift in Sources */ = {isa = PBXBuildFile; fileRef = 76626C605F00A4A86C3F704A /* PaymentsView.swift */; };
		474EF0ED3F9E5E4BD75F5B80 /* SecondaryViews.swift in Sources */ = {isa = PBXBuildFile; fileRef = B0B6ECABB4E069E644DACEA3 /* SecondaryViews.swift */; };
		4B3B6082562F700C0AA9E795 /* FeatureNavigation.swift in Sources */ = {isa = PBXBuildFile; fileRef = 81596ECE61B395F450F9EF50 /* FeatureNavigation.swift */; };
		6C6DDF963EC5117D13DE585F /* PortalShell.swift in Sources */ = {isa = PBXBuildFile; fileRef = FB1C1D13B33996B4533E3598 /* PortalShell.swift */; };
		74DE9D4302D252C6829D8046 /* IvyPortalApp.swift in Sources */ = {isa = PBXBuildFile; fileRef = DBCF822DA31E8719AFB8220C /* IvyPortalApp.swift */; };
		75D08C1C1F7D558B4DC9EFEA /* FeatureNavigationTests.swift in Sources */ = {isa = PBXBuildFile; fileRef = D6A44331B1380EC5E1F6953D /* FeatureNavigationTests.swift */; };
		A39D25067873C4F71C3A6A84 /* LoadStateTests.swift in Sources */ = {isa = PBXBuildFile; fileRef = D82CE802CAA94C209087E537 /* LoadStateTests.swift */; };
		D6E8F90DDA27C979E44EDA33 /* HomeActionRoutingTests.swift in Sources */ = {isa = PBXBuildFile; fileRef = D63FFEC06CAD25DFE92B0B4B /* HomeActionRoutingTests.swift */; };
		DA5F9BBC3EF0DC724C7A012E /* Assets.xcassets in Resources */ = {isa = PBXBuildFile; fileRef = C8220D589EEDA534F8C68689 /* Assets.xcassets */; };
		DEEFDCB075BB353409611D71 /* HomeView.swift in Sources */ = {isa = PBXBuildFile; fileRef = A2095E1A25B2854700574C30 /* HomeView.swift */; };
		E159978F2B63C6D8FD6F3AD3 /* Components.swift in Sources */ = {isa = PBXBuildFile; fileRef = 18711F0397918695F8D7CB53 /* Components.swift */; };
		EB3B13FA2F5475E1D155D286 /* LoadState.swift in Sources */ = {isa = PBXBuildFile; fileRef = 2DD51BEE6A265B624CAE96B0 /* LoadState.swift */; };
		FC36D8521EA779B953EFCA50 /* HomeAction.swift in Sources */ = {isa = PBXBuildFile; fileRef = 310F5EDFDA87D1BF05177AC0 /* HomeAction.swift */; };
/* End PBXBuildFile section */

/* Begin PBXContainerItemProxy section */
		5CBED5C87630A5D4B9D376D2 /* PBXContainerItemProxy */ = {
			isa = PBXContainerItemProxy;
			containerPortal = B9A50FF7A4727DABD2F741D2 /* Project object */;
			proxyType = 1;
			remoteGlobalIDString = DEDE56CF35B1A577B557D803;
			remoteInfo = IvyPortal;
		};
		6875EF41385252A8012F6C16 /* PBXContainerItemProxy */ = {
			isa = PBXContainerItemProxy;
			containerPortal = B9A50FF7A4727DABD2F741D2 /* Project object */;
			proxyType = 1;
			remoteGlobalIDString = DEDE56CF35B1A577B557D803;
			remoteInfo = IvyPortal;
		};
/* End PBXContainerItemProxy section */

/* Begin PBXFileReference section */
		18711F0397918695F8D7CB53 /* Components.swift */ = {isa = PBXFileReference; lastKnownFileType = sourcecode.swift; path = Components.swift; sourceTree = "<group>"; };
		2DD51BEE6A265B624CAE96B0 /* LoadState.swift */ = {isa = PBXFileReference; lastKnownFileType = sourcecode.swift; path = LoadState.swift; sourceTree = "<group>"; };
		310F5EDFDA87D1BF05177AC0 /* HomeAction.swift */ = {isa = PBXFileReference; lastKnownFileType = sourcecode.swift; path = HomeAction.swift; sourceTree = "<group>"; };
		313622262ECC323AC7B8136E /* PrivacyInfo.xcprivacy */ = {isa = PBXFileReference; path = PrivacyInfo.xcprivacy; sourceTree = "<group>"; };
		5B7128A183BCF55AA4436966 /* IvyPortalInteractionTests.swift */ = {isa = PBXFileReference; lastKnownFileType = sourcecode.swift; path = IvyPortalInteractionTests.swift; sourceTree = "<group>"; };
		691002273A01224D93FBBEF0 /* RoleDestinationPolicy.swift */ = {isa = PBXFileReference; lastKnownFileType = sourcecode.swift; path = RoleDestinationPolicy.swift; sourceTree = "<group>"; };
		6F3CED060763D625C62112D7 /* IvyPortal.app */ = {isa = PBXFileReference; includeInIndex = 0; lastKnownFileType = wrapper.application; path = IvyPortal.app; sourceTree = BUILT_PRODUCTS_DIR; };
		76626C605F00A4A86C3F704A /* PaymentsView.swift */ = {isa = PBXFileReference; lastKnownFileType = sourcecode.swift; path = PaymentsView.swift; sourceTree = "<group>"; };
		81596ECE61B395F450F9EF50 /* FeatureNavigation.swift */ = {isa = PBXFileReference; lastKnownFileType = sourcecode.swift; path = FeatureNavigation.swift; sourceTree = "<group>"; };
		9506EC7B316F186C69D450C3 /* PerformanceView.swift */ = {isa = PBXFileReference; lastKnownFileType = sourcecode.swift; path = PerformanceView.swift; sourceTree = "<group>"; };
		A2095E1A25B2854700574C30 /* HomeView.swift */ = {isa = PBXFileReference; lastKnownFileType = sourcecode.swift; path = HomeView.swift; sourceTree = "<group>"; };
		A38ABDF5AC1EB60BA2A87B77 /* IvyPortalTests.xctest */ = {isa = PBXFileReference; includeInIndex = 0; lastKnownFileType = wrapper.cfbundle; path = IvyPortalTests.xctest; sourceTree = BUILT_PRODUCTS_DIR; };
		B0B6ECABB4E069E644DACEA3 /* SecondaryViews.swift */ = {isa = PBXFileReference; lastKnownFileType = sourcecode.swift; path = SecondaryViews.swift; sourceTree = "<group>"; };
		C8220D589EEDA534F8C68689 /* Assets.xcassets */ = {isa = PBXFileReference; lastKnownFileType = folder.assetcatalog; path = Assets.xcassets; sourceTree = "<group>"; };
		C9FAA38FA65B3A14F178C873 /* RoleDestinationPolicyTests.swift */ = {isa = PBXFileReference; lastKnownFileType = sourcecode.swift; path = RoleDestinationPolicyTests.swift; sourceTree = "<group>"; };
		D63FFEC06CAD25DFE92B0B4B /* HomeActionRoutingTests.swift */ = {isa = PBXFileReference; lastKnownFileType = sourcecode.swift; path = HomeActionRoutingTests.swift; sourceTree = "<group>"; };
		D6A44331B1380EC5E1F6953D /* FeatureNavigationTests.swift */ = {isa = PBXFileReference; lastKnownFileType = sourcecode.swift; path = FeatureNavigationTests.swift; sourceTree = "<group>"; };
		D82CE802CAA94C209087E537 /* LoadStateTests.swift */ = {isa = PBXFileReference; lastKnownFileType = sourcecode.swift; path = LoadStateTests.swift; sourceTree = "<group>"; };
		DBCF822DA31E8719AFB8220C /* IvyPortalApp.swift */ = {isa = PBXFileReference; lastKnownFileType = sourcecode.swift; path = IvyPortalApp.swift; sourceTree = "<group>"; };
		F82910C4D584233E65E7911B /* IvyPortalUITests.xctest */ = {isa = PBXFileReference; includeInIndex = 0; lastKnownFileType = wrapper.cfbundle; path = IvyPortalUITests.xctest; sourceTree = BUILT_PRODUCTS_DIR; };
		FB1C1D13B33996B4533E3598 /* PortalShell.swift */ = {isa = PBXFileReference; lastKnownFileType = sourcecode.swift; path = PortalShell.swift; sourceTree = "<group>"; };
/* End PBXFileReference section */

/* Begin PBXGroup section */
		1ABB15011088F9C506B3D5C8 /* Performance */ = {
			isa = PBXGroup;
			children = (
				9506EC7B316F186C69D450C3 /* PerformanceView.swift */,
			);
			path = Performance;
			sourceTree = "<group>";
		};
		3CBD6853444C94E1D4E9225C /* Core */ = {
			isa = PBXGroup;
			children = (
				ECE5E61E78B2241E91533357 /* DesignSystem */,
			);
			path = Core;
			sourceTree = "<group>";
		};
		52743D4E806F6C4ED05A92B5 /* Secondary */ = {
			isa = PBXGroup;
			children = (
				B0B6ECABB4E069E644DACEA3 /* SecondaryViews.swift */,
			);
			path = Secondary;
			sourceTree = "<group>";
		};
		5CC04476489806B9E0648B63 /* Features */ = {
			isa = PBXGroup;
			children = (
				64E0F46AA63AE0ABE1011F93 /* Home */,
				8270CA421F8B8184E980A16C /* Payments */,
				1ABB15011088F9C506B3D5C8 /* Performance */,
				52743D4E806F6C4ED05A92B5 /* Secondary */,
			);
			path = Features;
			sourceTree = "<group>";
		};
		64E0F46AA63AE0ABE1011F93 /* Home */ = {
			isa = PBXGroup;
			children = (
				A2095E1A25B2854700574C30 /* HomeView.swift */,
			);
			path = Home;
			sourceTree = "<group>";
		};
		7FE7DA77D185F3F938DCF1DA /* App */ = {
			isa = PBXGroup;
			children = (
				DBCF822DA31E8719AFB8220C /* IvyPortalApp.swift */,
				FB1C1D13B33996B4533E3598 /* PortalShell.swift */,
			);
			path = App;
			sourceTree = "<group>";
		};
		8270CA421F8B8184E980A16C /* Payments */ = {
			isa = PBXGroup;
			children = (
				76626C605F00A4A86C3F704A /* PaymentsView.swift */,
			);
			path = Payments;
			sourceTree = "<group>";
		};
		8F6DAD627808430C636BC68C /* IvyPortalUITests */ = {
			isa = PBXGroup;
			children = (
				5B7128A183BCF55AA4436966 /* IvyPortalInteractionTests.swift */,
			);
			path = IvyPortalUITests;
			sourceTree = "<group>";
		};
		96F29AF5B11DA0AF3329EA63 /* Resources */ = {
			isa = PBXGroup;
			children = (
				C8220D589EEDA534F8C68689 /* Assets.xcassets */,
				313622262ECC323AC7B8136E /* PrivacyInfo.xcprivacy */,
			);
			path = Resources;
			sourceTree = "<group>";
		};
		98353FB47B87E54D7BBE98B1 = {
			isa = PBXGroup;
			children = (
				AA7044E877E4727A6EB154FB /* IvyPortal */,
				AF0E65A4997035869F615178 /* IvyPortalCore */,
				9A507F64059DA122B6140C5B /* IvyPortalTests */,
				8F6DAD627808430C636BC68C /* IvyPortalUITests */,
				DAE9B714C8D7E92CAE75C2F0 /* Products */,
			);
			sourceTree = "<group>";
		};
		9A507F64059DA122B6140C5B /* IvyPortalTests */ = {
			isa = PBXGroup;
			children = (
				D6A44331B1380EC5E1F6953D /* FeatureNavigationTests.swift */,
				D63FFEC06CAD25DFE92B0B4B /* HomeActionRoutingTests.swift */,
				D82CE802CAA94C209087E537 /* LoadStateTests.swift */,
				C9FAA38FA65B3A14F178C873 /* RoleDestinationPolicyTests.swift */,
			);
			path = IvyPortalTests;
			sourceTree = "<group>";
		};
		AA7044E877E4727A6EB154FB /* IvyPortal */ = {
			isa = PBXGroup;
			children = (
				7FE7DA77D185F3F938DCF1DA /* App */,
				3CBD6853444C94E1D4E9225C /* Core */,
				5CC04476489806B9E0648B63 /* Features */,
				96F29AF5B11DA0AF3329EA63 /* Resources */,
			);
			path = IvyPortal;
			sourceTree = "<group>";
		};
		AF0E65A4997035869F615178 /* IvyPortalCore */ = {
			isa = PBXGroup;
			children = (
				81596ECE61B395F450F9EF50 /* FeatureNavigation.swift */,
				310F5EDFDA87D1BF05177AC0 /* HomeAction.swift */,
				2DD51BEE6A265B624CAE96B0 /* LoadState.swift */,
				691002273A01224D93FBBEF0 /* RoleDestinationPolicy.swift */,
			);
			path = IvyPortalCore;
			sourceTree = "<group>";
		};
		DAE9B714C8D7E92CAE75C2F0 /* Products */ = {
			isa = PBXGroup;
			children = (
				6F3CED060763D625C62112D7 /* IvyPortal.app */,
				A38ABDF5AC1EB60BA2A87B77 /* IvyPortalTests.xctest */,
				F82910C4D584233E65E7911B /* IvyPortalUITests.xctest */,
			);
			name = Products;
			sourceTree = "<group>";
		};
		ECE5E61E78B2241E91533357 /* DesignSystem */ = {
			isa = PBXGroup;
			children = (
				18711F0397918695F8D7CB53 /* Components.swift */,
			);
			path = DesignSystem;
			sourceTree = "<group>";
		};
/* End PBXGroup section */

/* Begin PBXNativeTarget section */
		30C4725EA6E0E66E8340CDD2 /* IvyPortalTests */ = {
			isa = PBXNativeTarget;
			buildConfigurationList = 14875CBDAC513A9D2896DE37 /* Build configuration list for PBXNativeTarget "IvyPortalTests" */;
			buildPhases = (
				08B14240C08C666E9FB087EC /* Sources */,
			);
			buildRules = (
			);
			dependencies = (
				203E3C83B105CCC770525F5C /* PBXTargetDependency */,
			);
			name = IvyPortalTests;
			packageProductDependencies = (
			);
			productName = IvyPortalTests;
			productReference = A38ABDF5AC1EB60BA2A87B77 /* IvyPortalTests.xctest */;
			productType = "com.apple.product-type.bundle.unit-test";
		};
		DEDE56CF35B1A577B557D803 /* IvyPortal */ = {
			isa = PBXNativeTarget;
			buildConfigurationList = A1417B72E6345278CC08439A /* Build configuration list for PBXNativeTarget "IvyPortal" */;
			buildPhases = (
				1AFE4EC550594DA108253E4D /* Sources */,
				38DD40B2701763213247C2A2 /* Resources */,
			);
			buildRules = (
			);
			dependencies = (
			);
			name = IvyPortal;
			packageProductDependencies = (
			);
			productName = IvyPortal;
			productReference = 6F3CED060763D625C62112D7 /* IvyPortal.app */;
			productType = "com.apple.product-type.application";
		};
		F2EF81164CDD12BBC4AD9D29 /* IvyPortalUITests */ = {
			isa = PBXNativeTarget;
			buildConfigurationList = 67F7674C749C0BB6085018F0 /* Build configuration list for PBXNativeTarget "IvyPortalUITests" */;
			buildPhases = (
				F40A787CB4B2125ABE854316 /* Sources */,
			);
			buildRules = (
			);
			dependencies = (
				582B5A5AE9C4A916602525BA /* PBXTargetDependency */,
			);
			name = IvyPortalUITests;
			packageProductDependencies = (
			);
			productName = IvyPortalUITests;
			productReference = F82910C4D584233E65E7911B /* IvyPortalUITests.xctest */;
			productType = "com.apple.product-type.bundle.ui-testing";
		};
/* End PBXNativeTarget section */

/* Begin PBXProject section */
		B9A50FF7A4727DABD2F741D2 /* Project object */ = {
			isa = PBXProject;
			attributes = {
				BuildIndependentTargetsInParallel = YES;
				LastUpgradeCheck = 1430;
				TargetAttributes = {
					30C4725EA6E0E66E8340CDD2 = {
						DevelopmentTeam = "";
					};
					DEDE56CF35B1A577B557D803 = {
						DevelopmentTeam = "";
					};
					F2EF81164CDD12BBC4AD9D29 = {
						DevelopmentTeam = "";
						TestTargetID = DEDE56CF35B1A577B557D803;
					};
				};
			};
			buildConfigurationList = C5779F88EC5E4D1914A97D32 /* Build configuration list for PBXProject "IvyPortal" */;
			developmentRegion = en;
			hasScannedForEncodings = 0;
			knownRegions = (
				Base,
				en,
			);
			mainGroup = 98353FB47B87E54D7BBE98B1;
			minimizedProjectReferenceProxies = 1;
			preferredProjectObjectVersion = 77;
			productRefGroup = DAE9B714C8D7E92CAE75C2F0 /* Products */;
			projectDirPath = "";
			projectRoot = "";
			targets = (
				DEDE56CF35B1A577B557D803 /* IvyPortal */,
				30C4725EA6E0E66E8340CDD2 /* IvyPortalTests */,
				F2EF81164CDD12BBC4AD9D29 /* IvyPortalUITests */,
			);
		};
/* End PBXProject section */

/* Begin PBXResourcesBuildPhase section */
		38DD40B2701763213247C2A2 /* Resources */ = {
			isa = PBXResourcesBuildPhase;
			buildActionMask = 2147483647;
			files = (
				DA5F9BBC3EF0DC724C7A012E /* Assets.xcassets in Resources */,
				1C871F192594E2CD02119751 /* PrivacyInfo.xcprivacy in Resources */,
			);
			runOnlyForDeploymentPostprocessing = 0;
		};
/* End PBXResourcesBuildPhase section */

/* Begin PBXSourcesBuildPhase section */
		08B14240C08C666E9FB087EC /* Sources */ = {
			isa = PBXSourcesBuildPhase;
			buildActionMask = 2147483647;
			files = (
				75D08C1C1F7D558B4DC9EFEA /* FeatureNavigationTests.swift in Sources */,
				D6E8F90DDA27C979E44EDA33 /* HomeActionRoutingTests.swift in Sources */,
				A39D25067873C4F71C3A6A84 /* LoadStateTests.swift in Sources */,
				0C502646AB77CF4EDD58D7B6 /* RoleDestinationPolicyTests.swift in Sources */,
			);
			runOnlyForDeploymentPostprocessing = 0;
		};
		1AFE4EC550594DA108253E4D /* Sources */ = {
			isa = PBXSourcesBuildPhase;
			buildActionMask = 2147483647;
			files = (
				E159978F2B63C6D8FD6F3AD3 /* Components.swift in Sources */,
				4B3B6082562F700C0AA9E795 /* FeatureNavigation.swift in Sources */,
				FC36D8521EA779B953EFCA50 /* HomeAction.swift in Sources */,
				DEEFDCB075BB353409611D71 /* HomeView.swift in Sources */,
				74DE9D4302D252C6829D8046 /* IvyPortalApp.swift in Sources */,
				EB3B13FA2F5475E1D155D286 /* LoadState.swift in Sources */,
				3C120183E7355A84ABFE60C5 /* PaymentsView.swift in Sources */,
				21DB59557AC0F4793A1DA576 /* PerformanceView.swift in Sources */,
				6C6DDF963EC5117D13DE585F /* PortalShell.swift in Sources */,
				06639E837D93A6C0E122E9D7 /* RoleDestinationPolicy.swift in Sources */,
				474EF0ED3F9E5E4BD75F5B80 /* SecondaryViews.swift in Sources */,
			);
			runOnlyForDeploymentPostprocessing = 0;
		};
		F40A787CB4B2125ABE854316 /* Sources */ = {
			isa = PBXSourcesBuildPhase;
			buildActionMask = 2147483647;
			files = (
				25EB1150A2EA1A9E6D833411 /* IvyPortalInteractionTests.swift in Sources */,
			);
			runOnlyForDeploymentPostprocessing = 0;
		};
/* End PBXSourcesBuildPhase section */

/* Begin PBXTargetDependency section */
		203E3C83B105CCC770525F5C /* PBXTargetDependency */ = {
			isa = PBXTargetDependency;
			target = DEDE56CF35B1A577B557D803 /* IvyPortal */;
			targetProxy = 5CBED5C87630A5D4B9D376D2 /* PBXContainerItemProxy */;
		};
		582B5A5AE9C4A916602525BA /* PBXTargetDependency */ = {
			isa = PBXTargetDependency;
			target = DEDE56CF35B1A577B557D803 /* IvyPortal */;
			targetProxy = 6875EF41385252A8012F6C16 /* PBXContainerItemProxy */;
		};
/* End PBXTargetDependency section */

/* Begin XCBuildConfiguration section */
		20132526577E14D915A92E83 /* Release */ = {
			isa = XCBuildConfiguration;
			buildSettings = {
				ALWAYS_SEARCH_USER_PATHS = NO;
				CLANG_ANALYZER_NONNULL = YES;
				CLANG_ANALYZER_NUMBER_OBJECT_CONVERSION = YES_AGGRESSIVE;
				CLANG_CXX_LANGUAGE_STANDARD = "gnu++14";
				CLANG_CXX_LIBRARY = "libc++";
				CLANG_ENABLE_MODULES = YES;
				CLANG_ENABLE_OBJC_ARC = YES;
				CLANG_ENABLE_OBJC_WEAK = YES;
				CLANG_WARN_BLOCK_CAPTURE_AUTORELEASING = YES;
				CLANG_WARN_BOOL_CONVERSION = YES;
				CLANG_WARN_COMMA = YES;
				CLANG_WARN_CONSTANT_CONVERSION = YES;
				CLANG_WARN_DEPRECATED_OBJC_IMPLEMENTATIONS = YES;
				CLANG_WARN_DIRECT_OBJC_ISA_USAGE = YES_ERROR;
				CLANG_WARN_DOCUMENTATION_COMMENTS = YES;
				CLANG_WARN_EMPTY_BODY = YES;
				CLANG_WARN_ENUM_CONVERSION = YES;
				CLANG_WARN_INFINITE_RECURSION = YES;
				CLANG_WARN_INT_CONVERSION = YES;
				CLANG_WARN_NON_LITERAL_NULL_CONVERSION = YES;
				CLANG_WARN_OBJC_IMPLICIT_RETAIN_SELF = YES;
				CLANG_WARN_OBJC_LITERAL_CONVERSION = YES;
				CLANG_WARN_OBJC_ROOT_CLASS = YES_ERROR;
				CLANG_WARN_QUOTED_INCLUDE_IN_FRAMEWORK_HEADER = YES;
				CLANG_WARN_RANGE_LOOP_ANALYSIS = YES;
				CLANG_WARN_STRICT_PROTOTYPES = YES;
				CLANG_WARN_SUSPICIOUS_MOVE = YES;
				CLANG_WARN_UNGUARDED_AVAILABILITY = YES_AGGRESSIVE;
				CLANG_WARN_UNREACHABLE_CODE = YES;
				CLANG_WARN__DUPLICATE_METHOD_MATCH = YES;
				CODE_SIGNING_ALLOWED = NO;
				COPY_PHASE_STRIP = NO;
				CURRENT_PROJECT_VERSION = 1;
				DEBUG_INFORMATION_FORMAT = "dwarf-with-dsym";
				DEVELOPMENT_TEAM = "";
				ENABLE_NS_ASSERTIONS = NO;
				ENABLE_STRICT_OBJC_MSGSEND = YES;
				GCC_C_LANGUAGE_STANDARD = gnu11;
				GCC_NO_COMMON_BLOCKS = YES;
				GCC_WARN_64_TO_32_BIT_CONVERSION = YES;
				GCC_WARN_ABOUT_RETURN_TYPE = YES_ERROR;
				GCC_WARN_UNDECLARED_SELECTOR = YES;
				GCC_WARN_UNINITIALIZED_AUTOS = YES_AGGRESSIVE;
				GCC_WARN_UNUSED_FUNCTION = YES;
				GCC_WARN_UNUSED_VARIABLE = YES;
				GENERATE_INFOPLIST_FILE = YES;
				IPHONEOS_DEPLOYMENT_TARGET = 18.0;
				MARKETING_VERSION = 0.1.0;
				MTL_ENABLE_DEBUG_INFO = NO;
				MTL_FAST_MATH = YES;
				PRODUCT_NAME = "$(TARGET_NAME)";
				SDKROOT = iphoneos;
				SWIFT_COMPILATION_MODE = wholemodule;
				SWIFT_OPTIMIZATION_LEVEL = "-O";
				SWIFT_VERSION = 6.0;
			};
			name = Release;
		};
		2106CE6F52690E69E5EBEF31 /* Release */ = {
			isa = XCBuildConfiguration;
			buildSettings = {
				ASSETCATALOG_COMPILER_APPICON_NAME = AppIcon;
				CODE_SIGN_IDENTITY = "iPhone Developer";
				INFOPLIST_KEY_CFBundleDisplayName = "Ivy Portal";
				INFOPLIST_KEY_UIApplicationSceneManifest_Generation = YES;
				INFOPLIST_KEY_UILaunchScreen_Generation = YES;
				INFOPLIST_KEY_UISupportedInterfaceOrientations_iPhone = UIInterfaceOrientationPortrait;
				LD_RUNPATH_SEARCH_PATHS = (
					"$(inherited)",
					"@executable_path/Frameworks",
				);
				PRODUCT_BUNDLE_IDENTIFIER = com.ivysalesacademy.dev.IvyPortal;
				PRODUCT_NAME = IvyPortal;
				SDKROOT = iphoneos;
				TARGETED_DEVICE_FAMILY = "1,2";
			};
			name = Release;
		};
		67FEDF51A698C7C90A289EA0 /* Debug */ = {
			isa = XCBuildConfiguration;
			buildSettings = {
				ALWAYS_SEARCH_USER_PATHS = NO;
				CLANG_ANALYZER_NONNULL = YES;
				CLANG_ANALYZER_NUMBER_OBJECT_CONVERSION = YES_AGGRESSIVE;
				CLANG_CXX_LANGUAGE_STANDARD = "gnu++14";
				CLANG_CXX_LIBRARY = "libc++";
				CLANG_ENABLE_MODULES = YES;
				CLANG_ENABLE_OBJC_ARC = YES;
				CLANG_ENABLE_OBJC_WEAK = YES;
				CLANG_WARN_BLOCK_CAPTURE_AUTORELEASING = YES;
				CLANG_WARN_BOOL_CONVERSION = YES;
				CLANG_WARN_COMMA = YES;
				CLANG_WARN_CONSTANT_CONVERSION = YES;
				CLANG_WARN_DEPRECATED_OBJC_IMPLEMENTATIONS = YES;
				CLANG_WARN_DIRECT_OBJC_ISA_USAGE = YES_ERROR;
				CLANG_WARN_DOCUMENTATION_COMMENTS = YES;
				CLANG_WARN_EMPTY_BODY = YES;
				CLANG_WARN_ENUM_CONVERSION = YES;
				CLANG_WARN_INFINITE_RECURSION = YES;
				CLANG_WARN_INT_CONVERSION = YES;
				CLANG_WARN_NON_LITERAL_NULL_CONVERSION = YES;
				CLANG_WARN_OBJC_IMPLICIT_RETAIN_SELF = YES;
				CLANG_WARN_OBJC_LITERAL_CONVERSION = YES;
				CLANG_WARN_OBJC_ROOT_CLASS = YES_ERROR;
				CLANG_WARN_QUOTED_INCLUDE_IN_FRAMEWORK_HEADER = YES;
				CLANG_WARN_RANGE_LOOP_ANALYSIS = YES;
				CLANG_WARN_STRICT_PROTOTYPES = YES;
				CLANG_WARN_SUSPICIOUS_MOVE = YES;
				CLANG_WARN_UNGUARDED_AVAILABILITY = YES_AGGRESSIVE;
				CLANG_WARN_UNREACHABLE_CODE = YES;
				CLANG_WARN__DUPLICATE_METHOD_MATCH = YES;
				CODE_SIGNING_ALLOWED = NO;
				COPY_PHASE_STRIP = NO;
				CURRENT_PROJECT_VERSION = 1;
				DEBUG_INFORMATION_FORMAT = dwarf;
				DEVELOPMENT_TEAM = "";
				ENABLE_STRICT_OBJC_MSGSEND = YES;
				ENABLE_TESTABILITY = YES;
				GCC_C_LANGUAGE_STANDARD = gnu11;
				GCC_DYNAMIC_NO_PIC = NO;
				GCC_NO_COMMON_BLOCKS = YES;
				GCC_OPTIMIZATION_LEVEL = 0;
				GCC_PREPROCESSOR_DEFINITIONS = (
					"$(inherited)",
					"DEBUG=1",
				);
				GCC_WARN_64_TO_32_BIT_CONVERSION = YES;
				GCC_WARN_ABOUT_RETURN_TYPE = YES_ERROR;
				GCC_WARN_UNDECLARED_SELECTOR = YES;
				GCC_WARN_UNINITIALIZED_AUTOS = YES_AGGRESSIVE;
				GCC_WARN_UNUSED_FUNCTION = YES;
				GCC_WARN_UNUSED_VARIABLE = YES;
				GENERATE_INFOPLIST_FILE = YES;
				IPHONEOS_DEPLOYMENT_TARGET = 18.0;
				MARKETING_VERSION = 0.1.0;
				MTL_ENABLE_DEBUG_INFO = INCLUDE_SOURCE;
				MTL_FAST_MATH = YES;
				ONLY_ACTIVE_ARCH = YES;
				PRODUCT_NAME = "$(TARGET_NAME)";
				SDKROOT = iphoneos;
				SWIFT_ACTIVE_COMPILATION_CONDITIONS = DEBUG;
				SWIFT_OPTIMIZATION_LEVEL = "-Onone";
				SWIFT_VERSION = 6.0;
			};
			name = Debug;
		};
		78BD9500A87FF1928FA81729 /* Release */ = {
			isa = XCBuildConfiguration;
			buildSettings = {
				BUNDLE_LOADER = "$(TEST_HOST)";
				LD_RUNPATH_SEARCH_PATHS = (
					"$(inherited)",
					"@executable_path/Frameworks",
					"@loader_path/Frameworks",
				);
				PRODUCT_BUNDLE_IDENTIFIER = com.ivysalesacademy.dev.IvyPortalTests;
				SDKROOT = iphoneos;
				TARGETED_DEVICE_FAMILY = "1,2";
				TEST_HOST = "$(BUILT_PRODUCTS_DIR)/IvyPortal.app/IvyPortal";
			};
			name = Release;
		};
		88DA605B59E6F3510E8A7F66 /* Release */ = {
			isa = XCBuildConfiguration;
			buildSettings = {
				BUNDLE_LOADER = "$(TEST_HOST)";
				LD_RUNPATH_SEARCH_PATHS = (
					"$(inherited)",
					"@executable_path/Frameworks",
					"@loader_path/Frameworks",
				);
				PRODUCT_BUNDLE_IDENTIFIER = com.ivysalesacademy.dev.IvyPortalUITests;
				SDKROOT = iphoneos;
				TARGETED_DEVICE_FAMILY = "1,2";
				TEST_TARGET_NAME = IvyPortal;
			};
			name = Release;
		};
		9E00A3F9AA60D474A2BB933E /* Debug */ = {
			isa = XCBuildConfiguration;
			buildSettings = {
				ASSETCATALOG_COMPILER_APPICON_NAME = AppIcon;
				CODE_SIGN_IDENTITY = "iPhone Developer";
				INFOPLIST_KEY_CFBundleDisplayName = "Ivy Portal";
				INFOPLIST_KEY_UIApplicationSceneManifest_Generation = YES;
				INFOPLIST_KEY_UILaunchScreen_Generation = YES;
				INFOPLIST_KEY_UISupportedInterfaceOrientations_iPhone = UIInterfaceOrientationPortrait;
				LD_RUNPATH_SEARCH_PATHS = (
					"$(inherited)",
					"@executable_path/Frameworks",
				);
				PRODUCT_BUNDLE_IDENTIFIER = com.ivysalesacademy.dev.IvyPortal;
				PRODUCT_NAME = IvyPortal;
				SDKROOT = iphoneos;
				TARGETED_DEVICE_FAMILY = "1,2";
			};
			name = Debug;
		};
		D73F75E92CEB8EAB64A6311F /* Debug */ = {
			isa = XCBuildConfiguration;
			buildSettings = {
				BUNDLE_LOADER = "$(TEST_HOST)";
				LD_RUNPATH_SEARCH_PATHS = (
					"$(inherited)",
					"@executable_path/Frameworks",
					"@loader_path/Frameworks",
				);
				PRODUCT_BUNDLE_IDENTIFIER = com.ivysalesacademy.dev.IvyPortalTests;
				SDKROOT = iphoneos;
				TARGETED_DEVICE_FAMILY = "1,2";
				TEST_HOST = "$(BUILT_PRODUCTS_DIR)/IvyPortal.app/IvyPortal";
			};
			name = Debug;
		};
		E3E8F0CDDA8263D5C1767A32 /* Debug */ = {
			isa = XCBuildConfiguration;
			buildSettings = {
				BUNDLE_LOADER = "$(TEST_HOST)";
				LD_RUNPATH_SEARCH_PATHS = (
					"$(inherited)",
					"@executable_path/Frameworks",
					"@loader_path/Frameworks",
				);
				PRODUCT_BUNDLE_IDENTIFIER = com.ivysalesacademy.dev.IvyPortalUITests;
				SDKROOT = iphoneos;
				TARGETED_DEVICE_FAMILY = "1,2";
				TEST_TARGET_NAME = IvyPortal;
			};
			name = Debug;
		};
/* End XCBuildConfiguration section */

/* Begin XCConfigurationList section */
		14875CBDAC513A9D2896DE37 /* Build configuration list for PBXNativeTarget "IvyPortalTests" */ = {
			isa = XCConfigurationList;
			buildConfigurations = (
				D73F75E92CEB8EAB64A6311F /* Debug */,
				78BD9500A87FF1928FA81729 /* Release */,
			);
			defaultConfigurationIsVisible = 0;
			defaultConfigurationName = Debug;
		};
		67F7674C749C0BB6085018F0 /* Build configuration list for PBXNativeTarget "IvyPortalUITests" */ = {
			isa = XCConfigurationList;
			buildConfigurations = (
				E3E8F0CDDA8263D5C1767A32 /* Debug */,
				88DA605B59E6F3510E8A7F66 /* Release */,
			);
			defaultConfigurationIsVisible = 0;
			defaultConfigurationName = Debug;
		};
		A1417B72E6345278CC08439A /* Build configuration list for PBXNativeTarget "IvyPortal" */ = {
			isa = XCConfigurationList;
			buildConfigurations = (
				9E00A3F9AA60D474A2BB933E /* Debug */,
				2106CE6F52690E69E5EBEF31 /* Release */,
			);
			defaultConfigurationIsVisible = 0;
			defaultConfigurationName = Debug;
		};
		C5779F88EC5E4D1914A97D32 /* Build configuration list for PBXProject "IvyPortal" */ = {
			isa = XCConfigurationList;
			buildConfigurations = (
				67FEDF51A698C7C90A289EA0 /* Debug */,
				20132526577E14D915A92E83 /* Release */,
			);
			defaultConfigurationIsVisible = 0;
			defaultConfigurationName = Debug;
		};
/* End XCConfigurationList section */
	};
	rootObject = B9A50FF7A4727DABD2F741D2 /* Project object */;
}
