// !$*UTF8*$!
{
	archiveVersion = 1;
	classes = {
	};
	objectVersion = 77;
	objects = {

/* Begin PBXBuildFile section */
		0165D59B585B6BF845AB6F55 /* BunSchedule.swift in Sources */ = {isa = PBXBuildFile; fileRef = 98FA19A4B4B43D3EFABB1D62 /* BunSchedule.swift */; };
		02D5D549772D6BE520728FEB /* BunOrgProbeTests.swift in Sources */ = {isa = PBXBuildFile; fileRef = 52CBBE9140859B30E11369EF /* BunOrgProbeTests.swift */; };
		06639E837D93A6C0E122E9D7 /* RoleDestinationPolicy.swift in Sources */ = {isa = PBXBuildFile; fileRef = 691002273A01224D93FBBEF0 /* RoleDestinationPolicy.swift */; };
		07FC20939BBBF3A4C3B1091D /* BunClients.swift in Sources */ = {isa = PBXBuildFile; fileRef = E26B181DB55FF6F2927121E9 /* BunClients.swift */; };
		0A83CF32BEA860C53DEF77B4 /* BunHome.swift in Sources */ = {isa = PBXBuildFile; fileRef = CF88E880BC02646266330FEA /* BunHome.swift */; };
		0C502646AB77CF4EDD58D7B6 /* RoleDestinationPolicyTests.swift in Sources */ = {isa = PBXBuildFile; fileRef = C9FAA38FA65B3A14F178C873 /* RoleDestinationPolicyTests.swift */; };
		0F345A257EDD1ABB023022EA /* PortalAPI.swift in Sources */ = {isa = PBXBuildFile; fileRef = 0A3FC2C67C4BDA25B4ABCC2C /* PortalAPI.swift */; };
		14DA2307559AE8A9A4589FBD /* Assets.xcassets in Resources */ = {isa = PBXBuildFile; fileRef = 814E4A86E1B80C172C803B1C /* Assets.xcassets */; };
		162135FE67E49B4D0D199AF3 /* BunCallLog.swift in Sources */ = {isa = PBXBuildFile; fileRef = 775FD769787E7D149EF81812 /* BunCallLog.swift */; };
		1C871F192594E2CD02119751 /* PrivacyInfo.xcprivacy in Resources */ = {isa = PBXBuildFile; fileRef = 313622262ECC323AC7B8136E /* PrivacyInfo.xcprivacy */; };
		22CEA37A0E1631C85E480CA9 /* PayoutsCalcTests.swift in Sources */ = {isa = PBXBuildFile; fileRef = 78F9682CCCAE30FB583FC435 /* PayoutsCalcTests.swift */; };
		22F1535320ACE135308A202A /* BunIcons.swift in Sources */ = {isa = PBXBuildFile; fileRef = D38CDD223C89CC2E7CC1540C /* BunIcons.swift */; };
		25EB1150A2EA1A9E6D833411 /* IvyPortalInteractionTests.swift in Sources */ = {isa = PBXBuildFile; fileRef = 5B7128A183BCF55AA4436966 /* IvyPortalInteractionTests.swift */; };
		34499D37FEA0C43D28E4CEF4 /* StudentHealth.swift in Sources */ = {isa = PBXBuildFile; fileRef = DFCC906957CB7A8FC6F83144 /* StudentHealth.swift */; };
		34770BF0A9ACD8B28D7DCAFB /* Apercu Pro Regular.otf in Resources */ = {isa = PBXBuildFile; fileRef = 9D5CE19D6C58F3F1E825D3FD /* Apercu Pro Regular.otf */; };
		37D303ED5FCFD30C46A293E7 /* BunData.swift in Sources */ = {isa = PBXBuildFile; fileRef = 1E752A72B4A1BB295055678F /* BunData.swift */; };
		3968DA0A1A83C6BAAEC25BA7 /* BunComponents.swift in Sources */ = {isa = PBXBuildFile; fileRef = 3A0296FBF3AD1C5F202F3BA6 /* BunComponents.swift */; };
		49B122E71FDC43487018A782 /* policy-crm-hygiene.md in Resources */ = {isa = PBXBuildFile; fileRef = C7067F4D03BAB4038C9BE6F8 /* policy-crm-hygiene.md */; };
		4B3B6082562F700C0AA9E795 /* FeatureNavigation.swift in Sources */ = {isa = PBXBuildFile; fileRef = 81596ECE61B395F450F9EF50 /* FeatureNavigation.swift */; };
		4E7990943F3DF74483B4FD82 /* WorkFixtures.swift in Sources */ = {isa = PBXBuildFile; fileRef = 4E2D4CCB0A7230AD9B9C0FF8 /* WorkFixtures.swift */; };
		552CDA45CF94A867EA2AB5E9 /* BunFixtures.swift in Sources */ = {isa = PBXBuildFile; fileRef = DB01449E5CC3B6A6B22566D9 /* BunFixtures.swift */; };
		55D06F2F042CB2DCB6BED741 /* StudentHealthTests.swift in Sources */ = {isa = PBXBuildFile; fileRef = 489B417A9AFA4A0D3E538318 /* StudentHealthTests.swift */; };
		5663021EED0C0A46A7DDF5CD /* BunShell.swift in Sources */ = {isa = PBXBuildFile; fileRef = EFA3B0E7E49DC4A60E64C024 /* BunShell.swift */; };
		5BF9D676D95F28D503E3DDAE /* Apercu Pro Mono.otf in Resources */ = {isa = PBXBuildFile; fileRef = CF338E3D5B2C449A216FDAB1 /* Apercu Pro Mono.otf */; };
		6193F96F7E1C37D4B9AD5080 /* BunFlows.swift in Sources */ = {isa = PBXBuildFile; fileRef = D419C7626EBE60B038AEFF4B /* BunFlows.swift */; };
		62774EEB02BFB8525D882A7D /* Typography.swift in Sources */ = {isa = PBXBuildFile; fileRef = 2F88500C81536C1930C96266 /* Typography.swift */; };
		73F79BE350AC53836331381A /* PortalConfig.swift in Sources */ = {isa = PBXBuildFile; fileRef = A7D5D8C7EB8E956CCC461583 /* PortalConfig.swift */; };
		74768A9B479074E2A7E9E309 /* AuthView.swift in Sources */ = {isa = PBXBuildFile; fileRef = 65B861E432E91DCD6B7D8C6A /* AuthView.swift */; };
		74DE9D4302D252C6829D8046 /* IvyPortalApp.swift in Sources */ = {isa = PBXBuildFile; fileRef = DBCF822DA31E8719AFB8220C /* IvyPortalApp.swift */; };
		75D08C1C1F7D558B4DC9EFEA /* FeatureNavigationTests.swift in Sources */ = {isa = PBXBuildFile; fileRef = D6A44331B1380EC5E1F6953D /* FeatureNavigationTests.swift */; };
		77B7A921E7D0F310ABE82B51 /* BunSheets.swift in Sources */ = {isa = PBXBuildFile; fileRef = 468266E0B9C82788DE8BEB6D /* BunSheets.swift */; };
		7F1B7C56C4AC5F6B91018DFE /* BunMovement.swift in Sources */ = {isa = PBXBuildFile; fileRef = 08B13346B8920822C1616475 /* BunMovement.swift */; };
		7FA7FD5BDF411CF5C28295EE /* ClientPriority.swift in Sources */ = {isa = PBXBuildFile; fileRef = C494629DA41410A3B36DBB04 /* ClientPriority.swift */; };
		7FFEF2C2F27346D60739DFD7 /* policy-eod-hygiene.md in Resources */ = {isa = PBXBuildFile; fileRef = 4753324F70B70BCD58BEF918 /* policy-eod-hygiene.md */; };
		8A7BFD81C96F98343FC989A8 /* world-class-client-delivery-systems.md in Resources */ = {isa = PBXBuildFile; fileRef = 992F4832248286E242C6CB36 /* world-class-client-delivery-systems.md */; };
		909636404B9D05D730AFF995 /* PayoutsCalc.swift in Sources */ = {isa = PBXBuildFile; fileRef = 7D5C6BC5C2F409FC5C4B9804 /* PayoutsCalc.swift */; };
		90B6A7E99CC314FF1CA5EDC1 /* BunMoveMoney.swift in Sources */ = {isa = PBXBuildFile; fileRef = AD534AEACCB71381EDEE0B56 /* BunMoveMoney.swift */; };
		9E6B3A6A1777FE3930E87271 /* isa-setting-process.md in Resources */ = {isa = PBXBuildFile; fileRef = FFFCC9DC95508E6E4CAACA55 /* isa-setting-process.md */; };
		A39D25067873C4F71C3A6A84 /* LoadStateTests.swift in Sources */ = {isa = PBXBuildFile; fileRef = D82CE802CAA94C209087E537 /* LoadStateTests.swift */; };
		A4E17DAB462FCED5A1E218D3 /* BunMoneyActions.swift in Sources */ = {isa = PBXBuildFile; fileRef = 0EA039451EA47DFD0470E606 /* BunMoneyActions.swift */; };
		A8F0A41DDBD3D9EB1A302BD2 /* Apercu Pro Bold.otf in Resources */ = {isa = PBXBuildFile; fileRef = AEF974AF4E88ED4AF97F20A1 /* Apercu Pro Bold.otf */; };
		A9B9BC6CFD53E3166A0BB1C8 /* AuthStore.swift in Sources */ = {isa = PBXBuildFile; fileRef = E47E29C16B2641ED296636B1 /* AuthStore.swift */; };
		AA092A861B0904BDE6977689 /* BunTheme.swift in Sources */ = {isa = PBXBuildFile; fileRef = 0312F0BB9D1814C9B427DF96 /* BunTheme.swift */; };
		B02157FCD3E396D7BFDBADC1 /* BunActions.swift in Sources */ = {isa = PBXBuildFile; fileRef = 60C54485ED7207D8DA4D0EB7 /* BunActions.swift */; };
		B81AC2EA56708288101A5555 /* objection-handling-playbook.md in Resources */ = {isa = PBXBuildFile; fileRef = 71296072CE3006F177B72061 /* objection-handling-playbook.md */; };
		B9CCA69A4358D2099BB2E931 /* simple-discovery-framework-phone-setters.md in Resources */ = {isa = PBXBuildFile; fileRef = BD461171928EC09573041F45 /* simple-discovery-framework-phone-setters.md */; };
		C3696207A9EE0C582553943A /* BunWork.swift in Sources */ = {isa = PBXBuildFile; fileRef = A8B449D0E696174FC6ACB249 /* BunWork.swift */; };
		C36F2D86492FDAD2E1E4849F /* BunTransactions.swift in Sources */ = {isa = PBXBuildFile; fileRef = ADD8AE473F23EC43644F4E22 /* BunTransactions.swift */; };
		C5B7A6E28FC0E6FEED0ADAA7 /* Apercu Pro Light.otf in Resources */ = {isa = PBXBuildFile; fileRef = F88DA57E6CAD7D65DD014A5E /* Apercu Pro Light.otf */; };
		CB5CA7854B1C4F109116C21A /* BunPeople.swift in Sources */ = {isa = PBXBuildFile; fileRef = 72CB90E12D322E37278736F0 /* BunPeople.swift */; };
		D43C1C5A033A951F6F40C780 /* Apercu Pro Medium.otf in Resources */ = {isa = PBXBuildFile; fileRef = 4E950E18A48EAAA3CC4749EA /* Apercu Pro Medium.otf */; };
		D50339437AA66867FBA91A7E /* objection-think-about-it.md in Resources */ = {isa = PBXBuildFile; fileRef = 8FE20FBE693A5AA318946EF1 /* objection-think-about-it.md */; };
		D6E8F90DDA27C979E44EDA33 /* HomeActionRoutingTests.swift in Sources */ = {isa = PBXBuildFile; fileRef = D63FFEC06CAD25DFE92B0B4B /* HomeActionRoutingTests.swift */; };
		D7CEF885C3F5C6D994DE05C4 /* BunOnboarding.swift in Sources */ = {isa = PBXBuildFile; fileRef = 34642B044BD0E7D79FF89586 /* BunOnboarding.swift */; };
		D9CA44ECA616659D6A274153 /* Tokens.swift in Sources */ = {isa = PBXBuildFile; fileRef = 8F3306AD164ACF361BE75C54 /* Tokens.swift */; };
		DA5F9BBC3EF0DC724C7A012E /* Assets.xcassets in Resources */ = {isa = PBXBuildFile; fileRef = C8220D589EEDA534F8C68689 /* Assets.xcassets */; };
		DF31E1D47C16F256E23EDBDE /* BunWelcome.swift in Sources */ = {isa = PBXBuildFile; fileRef = B15CF4267CBF0C60B19D5E29 /* BunWelcome.swift */; };
		E303239DFBFBAD37D545E185 /* ClientPriorityTests.swift in Sources */ = {isa = PBXBuildFile; fileRef = FCEE861880D516223E0D7C72 /* ClientPriorityTests.swift */; };
		EB3B13FA2F5475E1D155D286 /* LoadState.swift in Sources */ = {isa = PBXBuildFile; fileRef = 2DD51BEE6A265B624CAE96B0 /* LoadState.swift */; };
		F04F8F8CA9DF3F0B0A4EE294 /* BunBanking.swift in Sources */ = {isa = PBXBuildFile; fileRef = 7071081907CE6680BBC714C8 /* BunBanking.swift */; };
		F344055A2BFA543EEE27EEA5 /* Supabase in Frameworks */ = {isa = PBXBuildFile; productRef = FED59E459B48672F9C197181 /* Supabase */; };
		FBDAF4D22974EBF0CE5C697F /* BunTeam.swift in Sources */ = {isa = PBXBuildFile; fileRef = 784A154A1E528170728B6268 /* BunTeam.swift */; };
		FBE25B635AA8A68B5649DF22 /* README.md in Resources */ = {isa = PBXBuildFile; fileRef = 0F30FD8C244FACB04A58F699 /* README.md */; };
		FC36D8521EA779B953EFCA50 /* HomeAction.swift in Sources */ = {isa = PBXBuildFile; fileRef = 310F5EDFDA87D1BF05177AC0 /* HomeAction.swift */; };
/* End PBXBuildFile section */

/* Begin PBXContainerItemProxy section */
		5CBED5C87630A5D4B9D376D2 /* PBXContainerItemProxy */ = {
			isa = PBXContainerItemProxy;
			containerPortal = B9A50FF7A4727DABD2F741D2 /* Project object */;
			proxyType = 1;
			remoteGlobalIDString = DEDE56CF35B1A577B557D803;
			remoteInfo = IvyPortal;
		};
		6875EF41385252A8012F6C16 /* PBXContainerItemProxy */ = {
			isa = PBXContainerItemProxy;
			containerPortal = B9A50FF7A4727DABD2F741D2 /* Project object */;
			proxyType = 1;
			remoteGlobalIDString = DEDE56CF35B1A577B557D803;
			remoteInfo = IvyPortal;
		};
/* End PBXContainerItemProxy section */

/* Begin PBXFileReference section */
		0312F0BB9D1814C9B427DF96 /* BunTheme.swift */ = {isa = PBXFileReference; lastKnownFileType = sourcecode.swift; path = BunTheme.swift; sourceTree = "<group>"; };
		08B13346B8920822C1616475 /* BunMovement.swift */ = {isa = PBXFileReference; lastKnownFileType = sourcecode.swift; path = BunMovement.swift; sourceTree = "<group>"; };
		0A3FC2C67C4BDA25B4ABCC2C /* PortalAPI.swift */ = {isa = PBXFileReference; lastKnownFileType = sourcecode.swift; path = PortalAPI.swift; sourceTree = "<group>"; };
		0EA039451EA47DFD0470E606 /* BunMoneyActions.swift */ = {isa = PBXFileReference; lastKnownFileType = sourcecode.swift; path = BunMoneyActions.swift; sourceTree = "<group>"; };
		0F30FD8C244FACB04A58F699 /* README.md */ = {isa = PBXFileReference; lastKnownFileType = net.daringfireball.markdown; path = README.md; sourceTree = "<group>"; };
		1E752A72B4A1BB295055678F /* BunData.swift */ = {isa = PBXFileReference; lastKnownFileType = sourcecode.swift; path = BunData.swift; sourceTree = "<group>"; };
		2DD51BEE6A265B624CAE96B0 /* LoadState.swift */ = {isa = PBXFileReference; lastKnownFileType = sourcecode.swift; path = LoadState.swift; sourceTree = "<group>"; };
		2F88500C81536C1930C96266 /* Typography.swift */ = {isa = PBXFileReference; lastKnownFileType = sourcecode.swift; path = Typography.swift; sourceTree = "<group>"; };
		310F5EDFDA87D1BF05177AC0 /* HomeAction.swift */ = {isa = PBXFileReference; lastKnownFileType = sourcecode.swift; path = HomeAction.swift; sourceTree = "<group>"; };
		313622262ECC323AC7B8136E /* PrivacyInfo.xcprivacy */ = {isa = PBXFileReference; path = PrivacyInfo.xcprivacy; sourceTree = "<group>"; };
		34642B044BD0E7D79FF89586 /* BunOnboarding.swift */ = {isa = PBXFileReference; lastKnownFileType = sourcecode.swift; path = BunOnboarding.swift; sourceTree = "<group>"; };
		3A0296FBF3AD1C5F202F3BA6 /* BunComponents.swift */ = {isa = PBXFileReference; lastKnownFileType = sourcecode.swift; path = BunComponents.swift; sourceTree = "<group>"; };
		468266E0B9C82788DE8BEB6D /* BunSheets.swift */ = {isa = PBXFileReference; lastKnownFileType = sourcecode.swift; path = BunSheets.swift; sourceTree = "<group>"; };
		4753324F70B70BCD58BEF918 /* policy-eod-hygiene.md */ = {isa = PBXFileReference; lastKnownFileType = net.daringfireball.markdown; path = "policy-eod-hygiene.md"; sourceTree = "<group>"; };
		489B417A9AFA4A0D3E538318 /* StudentHealthTests.swift */ = {isa = PBXFileReference; lastKnownFileType = sourcecode.swift; path = StudentHealthTests.swift; sourceTree = "<group>"; };
		4DE1091E6711F7BE8002BBC9 /* Info.plist */ = {isa = PBXFileReference; lastKnownFileType = text.plist; path = Info.plist; sourceTree = "<group>"; };
		4E2D4CCB0A7230AD9B9C0FF8 /* WorkFixtures.swift */ = {isa = PBXFileReference; lastKnownFileType = sourcecode.swift; path = WorkFixtures.swift; sourceTree = "<group>"; };
		4E950E18A48EAAA3CC4749EA /* Apercu Pro Medium.otf */ = {isa = PBXFileReference; lastKnownFileType = file; path = "Apercu Pro Medium.otf"; sourceTree = "<group>"; };
		52CBBE9140859B30E11369EF /* BunOrgProbeTests.swift */ = {isa = PBXFileReference; lastKnownFileType = sourcecode.swift; path = BunOrgProbeTests.swift; sourceTree = "<group>"; };
		5B7128A183BCF55AA4436966 /* IvyPortalInteractionTests.swift */ = {isa = PBXFileReference; lastKnownFileType = sourcecode.swift; path = IvyPortalInteractionTests.swift; sourceTree = "<group>"; };
		60C54485ED7207D8DA4D0EB7 /* BunActions.swift */ = {isa = PBXFileReference; lastKnownFileType = sourcecode.swift; path = BunActions.swift; sourceTree = "<group>"; };
		65B861E432E91DCD6B7D8C6A /* AuthView.swift */ = {isa = PBXFileReference; lastKnownFileType = sourcecode.swift; path = AuthView.swift; sourceTree = "<group>"; };
		691002273A01224D93FBBEF0 /* RoleDestinationPolicy.swift */ = {isa = PBXFileReference; lastKnownFileType = sourcecode.swift; path = RoleDestinationPolicy.swift; sourceTree = "<group>"; };
		6F3CED060763D625C62112D7 /* IvyPortal.app */ = {isa = PBXFileReference; includeInIndex = 0; lastKnownFileType = wrapper.application; path = IvyPortal.app; sourceTree = BUILT_PRODUCTS_DIR; };
		7071081907CE6680BBC714C8 /* BunBanking.swift */ = {isa = PBXFileReference; lastKnownFileType = sourcecode.swift; path = BunBanking.swift; sourceTree = "<group>"; };
		71296072CE3006F177B72061 /* objection-handling-playbook.md */ = {isa = PBXFileReference; lastKnownFileType = net.daringfireball.markdown; path = "objection-handling-playbook.md"; sourceTree = "<group>"; };
		72CB90E12D322E37278736F0 /* BunPeople.swift */ = {isa = PBXFileReference; lastKnownFileType = sourcecode.swift; path = BunPeople.swift; sourceTree = "<group>"; };
		775FD769787E7D149EF81812 /* BunCallLog.swift */ = {isa = PBXFileReference; lastKnownFileType = sourcecode.swift; path = BunCallLog.swift; sourceTree = "<group>"; };
		784A154A1E528170728B6268 /* BunTeam.swift */ = {isa = PBXFileReference; lastKnownFileType = sourcecode.swift; path = BunTeam.swift; sourceTree = "<group>"; };
		78F9682CCCAE30FB583FC435 /* PayoutsCalcTests.swift */ = {isa = PBXFileReference; lastKnownFileType = sourcecode.swift; path = PayoutsCalcTests.swift; sourceTree = "<group>"; };
		7D5C6BC5C2F409FC5C4B9804 /* PayoutsCalc.swift */ = {isa = PBXFileReference; lastKnownFileType = sourcecode.swift; path = PayoutsCalc.swift; sourceTree = "<group>"; };
		814E4A86E1B80C172C803B1C /* Assets.xcassets */ = {isa = PBXFileReference; lastKnownFileType = folder.assetcatalog; path = Assets.xcassets; sourceTree = "<group>"; };
		81596ECE61B395F450F9EF50 /* FeatureNavigation.swift */ = {isa = PBXFileReference; lastKnownFileType = sourcecode.swift; path = FeatureNavigation.swift; sourceTree = "<group>"; };
		8F3306AD164ACF361BE75C54 /* Tokens.swift */ = {isa = PBXFileReference; lastKnownFileType = sourcecode.swift; path = Tokens.swift; sourceTree = "<group>"; };
		8FE20FBE693A5AA318946EF1 /* objection-think-about-it.md */ = {isa = PBXFileReference; lastKnownFileType = net.daringfireball.markdown; path = "objection-think-about-it.md"; sourceTree = "<group>"; };
		98FA19A4B4B43D3EFABB1D62 /* BunSchedule.swift */ = {isa = PBXFileReference; lastKnownFileType = sourcecode.swift; path = BunSchedule.swift; sourceTree = "<group>"; };
		992F4832248286E242C6CB36 /* world-class-client-delivery-systems.md */ = {isa = PBXFileReference; lastKnownFileType = net.daringfireball.markdown; path = "world-class-client-delivery-systems.md"; sourceTree = "<group>"; };
		9D5CE19D6C58F3F1E825D3FD /* Apercu Pro Regular.otf */ = {isa = PBXFileReference; lastKnownFileType = file; path = "Apercu Pro Regular.otf"; sourceTree = "<group>"; };
		A38ABDF5AC1EB60BA2A87B77 /* IvyPortalTests.xctest */ = {isa = PBXFileReference; includeInIndex = 0; lastKnownFileType = wrapper.cfbundle; path = IvyPortalTests.xctest; sourceTree = BUILT_PRODUCTS_DIR; };
		A7D5D8C7EB8E956CCC461583 /* PortalConfig.swift */ = {isa = PBXFileReference; lastKnownFileType = sourcecode.swift; path = PortalConfig.swift; sourceTree = "<group>"; };
		A8B449D0E696174FC6ACB249 /* BunWork.swift */ = {isa = PBXFileReference; lastKnownFileType = sourcecode.swift; path = BunWork.swift; sourceTree = "<group>"; };
		AD534AEACCB71381EDEE0B56 /* BunMoveMoney.swift */ = {isa = PBXFileReference; lastKnownFileType = sourcecode.swift; path = BunMoveMoney.swift; sourceTree = "<group>"; };
		ADD8AE473F23EC43644F4E22 /* BunTransactions.swift */ = {isa = PBXFileReference; lastKnownFileType = sourcecode.swift; path = BunTransactions.swift; sourceTree = "<group>"; };
		AEF974AF4E88ED4AF97F20A1 /* Apercu Pro Bold.otf */ = {isa = PBXFileReference; lastKnownFileType = file; path = "Apercu Pro Bold.otf"; sourceTree = "<group>"; };
		B15CF4267CBF0C60B19D5E29 /* BunWelcome.swift */ = {isa = PBXFileReference; lastKnownFileType = sourcecode.swift; path = BunWelcome.swift; sourceTree = "<group>"; };
		BD461171928EC09573041F45 /* simple-discovery-framework-phone-setters.md */ = {isa = PBXFileReference; lastKnownFileType = net.daringfireball.markdown; path = "simple-discovery-framework-phone-setters.md"; sourceTree = "<group>"; };
		C494629DA41410A3B36DBB04 /* ClientPriority.swift */ = {isa = PBXFileReference; lastKnownFileType = sourcecode.swift; path = ClientPriority.swift; sourceTree = "<group>"; };
		C7067F4D03BAB4038C9BE6F8 /* policy-crm-hygiene.md */ = {isa = PBXFileReference; lastKnownFileType = net.daringfireball.markdown; path = "policy-crm-hygiene.md"; sourceTree = "<group>"; };
		C8220D589EEDA534F8C68689 /* Assets.xcassets */ = {isa = PBXFileReference; lastKnownFileType = folder.assetcatalog; path = Assets.xcassets; sourceTree = "<group>"; };
		C9FAA38FA65B3A14F178C873 /* RoleDestinationPolicyTests.swift */ = {isa = PBXFileReference; lastKnownFileType = sourcecode.swift; path = RoleDestinationPolicyTests.swift; sourceTree = "<group>"; };
		CF338E3D5B2C449A216FDAB1 /* Apercu Pro Mono.otf */ = {isa = PBXFileReference; lastKnownFileType = file; path = "Apercu Pro Mono.otf"; sourceTree = "<group>"; };
		CF88E880BC02646266330FEA /* BunHome.swift */ = {isa = PBXFileReference; lastKnownFileType = sourcecode.swift; path = BunHome.swift; sourceTree = "<group>"; };
		D38CDD223C89CC2E7CC1540C /* BunIcons.swift */ = {isa = PBXFileReference; lastKnownFileType = sourcecode.swift; path = BunIcons.swift; sourceTree = "<group>"; };
		D419C7626EBE60B038AEFF4B /* BunFlows.swift */ = {isa = PBXFileReference; lastKnownFileType = sourcecode.swift; path = BunFlows.swift; sourceTree = "<group>"; };
		D63FFEC06CAD25DFE92B0B4B /* HomeActionRoutingTests.swift */ = {isa = PBXFileReference; lastKnownFileType = sourcecode.swift; path = HomeActionRoutingTests.swift; sourceTree = "<group>"; };
		D6A44331B1380EC5E1F6953D /* FeatureNavigationTests.swift */ = {isa = PBXFileReference; lastKnownFileType = sourcecode.swift; path = FeatureNavigationTests.swift; sourceTree = "<group>"; };
		D82CE802CAA94C209087E537 /* LoadStateTests.swift */ = {isa = PBXFileReference; lastKnownFileType = sourcecode.swift; path = LoadStateTests.swift; sourceTree = "<group>"; };
		DB01449E5CC3B6A6B22566D9 /* BunFixtures.swift */ = {isa = PBXFileReference; lastKnownFileType = sourcecode.swift; path = BunFixtures.swift; sourceTree = "<group>"; };
		DBCF822DA31E8719AFB8220C /* IvyPortalApp.swift */ = {isa = PBXFileReference; lastKnownFileType = sourcecode.swift; path = IvyPortalApp.swift; sourceTree = "<group>"; };
		DFCC906957CB7A8FC6F83144 /* StudentHealth.swift */ = {isa = PBXFileReference; lastKnownFileType = sourcecode.swift; path = StudentHealth.swift; sourceTree = "<group>"; };
		E26B181DB55FF6F2927121E9 /* BunClients.swift */ = {isa = PBXFileReference; lastKnownFileType = sourcecode.swift; path = BunClients.swift; sourceTree = "<group>"; };
		E47E29C16B2641ED296636B1 /* AuthStore.swift */ = {isa = PBXFileReference; lastKnownFileType = sourcecode.swift; path = AuthStore.swift; sourceTree = "<group>"; };
		EFA3B0E7E49DC4A60E64C024 /* BunShell.swift */ = {isa = PBXFileReference; lastKnownFileType = sourcecode.swift; path = BunShell.swift; sourceTree = "<group>"; };
		F82910C4D584233E65E7911B /* IvyPortalUITests.xctest */ = {isa = PBXFileReference; includeInIndex = 0; lastKnownFileType = wrapper.cfbundle; path = IvyPortalUITests.xctest; sourceTree = BUILT_PRODUCTS_DIR; };
		F88DA57E6CAD7D65DD014A5E /* Apercu Pro Light.otf */ = {isa = PBXFileReference; lastKnownFileType = file; path = "Apercu Pro Light.otf"; sourceTree = "<group>"; };
		FCEE861880D516223E0D7C72 /* ClientPriorityTests.swift */ = {isa = PBXFileReference; lastKnownFileType = sourcecode.swift; path = ClientPriorityTests.swift; sourceTree = "<group>"; };
		FFFCC9DC95508E6E4CAACA55 /* isa-setting-process.md */ = {isa = PBXFileReference; lastKnownFileType = net.daringfireball.markdown; path = "isa-setting-process.md"; sourceTree = "<group>"; };
/* End PBXFileReference section */

/* Begin PBXFrameworksBuildPhase section */
		C2D1349EB6BA704476CD981E /* Frameworks */ = {
			isa = PBXFrameworksBuildPhase;
			buildActionMask = 2147483647;
			files = (
				F344055A2BFA543EEE27EEA5 /* Supabase in Frameworks */,
			);
			runOnlyForDeploymentPostprocessing = 0;
		};
/* End PBXFrameworksBuildPhase section */

/* Begin PBXGroup section */
		21874DE341ED1D1E305C428A /* Auth */ = {
			isa = PBXGroup;
			children = (
				65B861E432E91DCD6B7D8C6A /* AuthView.swift */,
			);
			path = Auth;
			sourceTree = "<group>";
		};
		3066D5FC2F904438927058E7 /* Data */ = {
			isa = PBXGroup;
			children = (
				E47E29C16B2641ED296636B1 /* AuthStore.swift */,
				0A3FC2C67C4BDA25B4ABCC2C /* PortalAPI.swift */,
			);
			path = Data;
			sourceTree = "<group>";
		};
		3CBD6853444C94E1D4E9225C /* Core */ = {
			isa = PBXGroup;
			children = (
				ECE5E61E78B2241E91533357 /* DesignSystem */,
			);
			path = Core;
			sourceTree = "<group>";
		};
		580AEF0A6669384ABD3A2AB9 /* Bun */ = {
			isa = PBXGroup;
			children = (
				60C54485ED7207D8DA4D0EB7 /* BunActions.swift */,
				7071081907CE6680BBC714C8 /* BunBanking.swift */,
				775FD769787E7D149EF81812 /* BunCallLog.swift */,
				E26B181DB55FF6F2927121E9 /* BunClients.swift */,
				3A0296FBF3AD1C5F202F3BA6 /* BunComponents.swift */,
				1E752A72B4A1BB295055678F /* BunData.swift */,
				DB01449E5CC3B6A6B22566D9 /* BunFixtures.swift */,
				D419C7626EBE60B038AEFF4B /* BunFlows.swift */,
				CF88E880BC02646266330FEA /* BunHome.swift */,
				D38CDD223C89CC2E7CC1540C /* BunIcons.swift */,
				0EA039451EA47DFD0470E606 /* BunMoneyActions.swift */,
				08B13346B8920822C1616475 /* BunMovement.swift */,
				AD534AEACCB71381EDEE0B56 /* BunMoveMoney.swift */,
				34642B044BD0E7D79FF89586 /* BunOnboarding.swift */,
				72CB90E12D322E37278736F0 /* BunPeople.swift */,
				98FA19A4B4B43D3EFABB1D62 /* BunSchedule.swift */,
				468266E0B9C82788DE8BEB6D /* BunSheets.swift */,
				EFA3B0E7E49DC4A60E64C024 /* BunShell.swift */,
				784A154A1E528170728B6268 /* BunTeam.swift */,
				0312F0BB9D1814C9B427DF96 /* BunTheme.swift */,
				ADD8AE473F23EC43644F4E22 /* BunTransactions.swift */,
				B15CF4267CBF0C60B19D5E29 /* BunWelcome.swift */,
				A8B449D0E696174FC6ACB249 /* BunWork.swift */,
			);
			path = Bun;
			sourceTree = "<group>";
		};
		5CC04476489806B9E0648B63 /* Features */ = {
			isa = PBXGroup;
			children = (
				21874DE341ED1D1E305C428A /* Auth */,
			);
			path = Features;
			sourceTree = "<group>";
		};
		6880C17009165A9C6362BA02 /* Fonts */ = {
			isa = PBXGroup;
			children = (
				AEF974AF4E88ED4AF97F20A1 /* Apercu Pro Bold.otf */,
				F88DA57E6CAD7D65DD014A5E /* Apercu Pro Light.otf */,
				4E950E18A48EAAA3CC4749EA /* Apercu Pro Medium.otf */,
				CF338E3D5B2C449A216FDAB1 /* Apercu Pro Mono.otf */,
				9D5CE19D6C58F3F1E825D3FD /* Apercu Pro Regular.otf */,
			);
			path = Fonts;
			sourceTree = "<group>";
		};
		6B7DA902C7B65344AF6F9820 /* Config */ = {
			isa = PBXGroup;
			children = (
				A7D5D8C7EB8E956CCC461583 /* PortalConfig.swift */,
				0F30FD8C244FACB04A58F699 /* README.md */,
			);
			path = Config;
			sourceTree = "<group>";
		};
		7FE7DA77D185F3F938DCF1DA /* App */ = {
			isa = PBXGroup;
			children = (
				DBCF822DA31E8719AFB8220C /* IvyPortalApp.swift */,
			);
			path = App;
			sourceTree = "<group>";
		};
		8F6DAD627808430C636BC68C /* IvyPortalUITests */ = {
			isa = PBXGroup;
			children = (
				5B7128A183BCF55AA4436966 /* IvyPortalInteractionTests.swift */,
			);
			path = IvyPortalUITests;
			sourceTree = "<group>";
		};
		96F29AF5B11DA0AF3329EA63 /* Resources */ = {
			isa = PBXGroup;
			children = (
				C8220D589EEDA534F8C68689 /* Assets.xcassets */,
				313622262ECC323AC7B8136E /* PrivacyInfo.xcprivacy */,
				6880C17009165A9C6362BA02 /* Fonts */,
				AD10002B85B1D0A6D1EBDE6D /* SOPs */,
			);
			path = Resources;
			sourceTree = "<group>";
		};
		98353FB47B87E54D7BBE98B1 = {
			isa = PBXGroup;
			children = (
				AA7044E877E4727A6EB154FB /* IvyPortal */,
				AF0E65A4997035869F615178 /* IvyPortalCore */,
				9A507F64059DA122B6140C5B /* IvyPortalTests */,
				8F6DAD627808430C636BC68C /* IvyPortalUITests */,
				DAE9B714C8D7E92CAE75C2F0 /* Products */,
			);
			sourceTree = "<group>";
		};
		9A507F64059DA122B6140C5B /* IvyPortalTests */ = {
			isa = PBXGroup;
			children = (
				52CBBE9140859B30E11369EF /* BunOrgProbeTests.swift */,
				FCEE861880D516223E0D7C72 /* ClientPriorityTests.swift */,
				D6A44331B1380EC5E1F6953D /* FeatureNavigationTests.swift */,
				D63FFEC06CAD25DFE92B0B4B /* HomeActionRoutingTests.swift */,
				D82CE802CAA94C209087E537 /* LoadStateTests.swift */,
				78F9682CCCAE30FB583FC435 /* PayoutsCalcTests.swift */,
				C9FAA38FA65B3A14F178C873 /* RoleDestinationPolicyTests.swift */,
				489B417A9AFA4A0D3E538318 /* StudentHealthTests.swift */,
			);
			path = IvyPortalTests;
			sourceTree = "<group>";
		};
		AA7044E877E4727A6EB154FB /* IvyPortal */ = {
			isa = PBXGroup;
			children = (
				814E4A86E1B80C172C803B1C /* Assets.xcassets */,
				4DE1091E6711F7BE8002BBC9 /* Info.plist */,
				7FE7DA77D185F3F938DCF1DA /* App */,
				580AEF0A6669384ABD3A2AB9 /* Bun */,
				6B7DA902C7B65344AF6F9820 /* Config */,
				3CBD6853444C94E1D4E9225C /* Core */,
				3066D5FC2F904438927058E7 /* Data */,
				5CC04476489806B9E0648B63 /* Features */,
				96F29AF5B11DA0AF3329EA63 /* Resources */,
			);
			path = IvyPortal;
			sourceTree = "<group>";
		};
		AD10002B85B1D0A6D1EBDE6D /* SOPs */ = {
			isa = PBXGroup;
			children = (
				FFFCC9DC95508E6E4CAACA55 /* isa-setting-process.md */,
				71296072CE3006F177B72061 /* objection-handling-playbook.md */,
				8FE20FBE693A5AA318946EF1 /* objection-think-about-it.md */,
				C7067F4D03BAB4038C9BE6F8 /* policy-crm-hygiene.md */,
				4753324F70B70BCD58BEF918 /* policy-eod-hygiene.md */,
				BD461171928EC09573041F45 /* simple-discovery-framework-phone-setters.md */,
				992F4832248286E242C6CB36 /* world-class-client-delivery-systems.md */,
			);
			path = SOPs;
			sourceTree = "<group>";
		};
		AF0E65A4997035869F615178 /* IvyPortalCore */ = {
			isa = PBXGroup;
			children = (
				C494629DA41410A3B36DBB04 /* ClientPriority.swift */,
				81596ECE61B395F450F9EF50 /* FeatureNavigation.swift */,
				310F5EDFDA87D1BF05177AC0 /* HomeAction.swift */,
				2DD51BEE6A265B624CAE96B0 /* LoadState.swift */,
				7D5C6BC5C2F409FC5C4B9804 /* PayoutsCalc.swift */,
				691002273A01224D93FBBEF0 /* RoleDestinationPolicy.swift */,
				DFCC906957CB7A8FC6F83144 /* StudentHealth.swift */,
				4E2D4CCB0A7230AD9B9C0FF8 /* WorkFixtures.swift */,
			);
			path = IvyPortalCore;
			sourceTree = "<group>";
		};
		DAE9B714C8D7E92CAE75C2F0 /* Products */ = {
			isa = PBXGroup;
			children = (
				6F3CED060763D625C62112D7 /* IvyPortal.app */,
				A38ABDF5AC1EB60BA2A87B77 /* IvyPortalTests.xctest */,
				F82910C4D584233E65E7911B /* IvyPortalUITests.xctest */,
			);
			name = Products;
			sourceTree = "<group>";
		};
		ECE5E61E78B2241E91533357 /* DesignSystem */ = {
			isa = PBXGroup;
			children = (
				8F3306AD164ACF361BE75C54 /* Tokens.swift */,
				2F88500C81536C1930C96266 /* Typography.swift */,
			);
			path = DesignSystem;
			sourceTree = "<group>";
		};
/* End PBXGroup section */

/* Begin PBXNativeTarget section */
		30C4725EA6E0E66E8340CDD2 /* IvyPortalTests */ = {
			isa = PBXNativeTarget;
			buildConfigurationList = 14875CBDAC513A9D2896DE37 /* Build configuration list for PBXNativeTarget "IvyPortalTests" */;
			buildPhases = (
				08B14240C08C666E9FB087EC /* Sources */,
			);
			buildRules = (
			);
			dependencies = (
				203E3C83B105CCC770525F5C /* PBXTargetDependency */,
			);
			name = IvyPortalTests;
			packageProductDependencies = (
			);
			productName = IvyPortalTests;
			productReference = A38ABDF5AC1EB60BA2A87B77 /* IvyPortalTests.xctest */;
			productType = "com.apple.product-type.bundle.unit-test";
		};
		DEDE56CF35B1A577B557D803 /* IvyPortal */ = {
			isa = PBXNativeTarget;
			buildConfigurationList = A1417B72E6345278CC08439A /* Build configuration list for PBXNativeTarget "IvyPortal" */;
			buildPhases = (
				1AFE4EC550594DA108253E4D /* Sources */,
				38DD40B2701763213247C2A2 /* Resources */,
				C2D1349EB6BA704476CD981E /* Frameworks */,
			);
			buildRules = (
			);
			dependencies = (
			);
			name = IvyPortal;
			packageProductDependencies = (
				FED59E459B48672F9C197181 /* Supabase */,
			);
			productName = IvyPortal;
			productReference = 6F3CED060763D625C62112D7 /* IvyPortal.app */;
			productType = "com.apple.product-type.application";
		};
		F2EF81164CDD12BBC4AD9D29 /* IvyPortalUITests */ = {
			isa = PBXNativeTarget;
			buildConfigurationList = 67F7674C749C0BB6085018F0 /* Build configuration list for PBXNativeTarget "IvyPortalUITests" */;
			buildPhases = (
				F40A787CB4B2125ABE854316 /* Sources */,
			);
			buildRules = (
			);
			dependencies = (
				582B5A5AE9C4A916602525BA /* PBXTargetDependency */,
			);
			name = IvyPortalUITests;
			packageProductDependencies = (
			);
			productName = IvyPortalUITests;
			productReference = F82910C4D584233E65E7911B /* IvyPortalUITests.xctest */;
			productType = "com.apple.product-type.bundle.ui-testing";
		};
/* End PBXNativeTarget section */

/* Begin PBXProject section */
		B9A50FF7A4727DABD2F741D2 /* Project object */ = {
			isa = PBXProject;
			attributes = {
				BuildIndependentTargetsInParallel = YES;
				LastUpgradeCheck = 1430;
				TargetAttributes = {
					30C4725EA6E0E66E8340CDD2 = {
						DevelopmentTeam = "";
					};
					DEDE56CF35B1A577B557D803 = {
						DevelopmentTeam = "";
					};
					F2EF81164CDD12BBC4AD9D29 = {
						DevelopmentTeam = "";
						TestTargetID = DEDE56CF35B1A577B557D803;
					};
				};
			};
			buildConfigurationList = C5779F88EC5E4D1914A97D32 /* Build configuration list for PBXProject "IvyPortal" */;
			developmentRegion = en;
			hasScannedForEncodings = 0;
			knownRegions = (
				Base,
				en,
			);
			mainGroup = 98353FB47B87E54D7BBE98B1;
			minimizedProjectReferenceProxies = 1;
			packageReferences = (
				95C0DBC19D173EBE8210DFDF /* XCRemoteSwiftPackageReference "supabase-swift" */,
			);
			preferredProjectObjectVersion = 77;
			productRefGroup = DAE9B714C8D7E92CAE75C2F0 /* Products */;
			projectDirPath = "";
			projectRoot = "";
			targets = (
				DEDE56CF35B1A577B557D803 /* IvyPortal */,
				30C4725EA6E0E66E8340CDD2 /* IvyPortalTests */,
				F2EF81164CDD12BBC4AD9D29 /* IvyPortalUITests */,
			);
		};
/* End PBXProject section */

/* Begin PBXResourcesBuildPhase section */
		38DD40B2701763213247C2A2 /* Resources */ = {
			isa = PBXResourcesBuildPhase;
			buildActionMask = 2147483647;
			files = (
				A8F0A41DDBD3D9EB1A302BD2 /* Apercu Pro Bold.otf in Resources */,
				C5B7A6E28FC0E6FEED0ADAA7 /* Apercu Pro Light.otf in Resources */,
				D43C1C5A033A951F6F40C780 /* Apercu Pro Medium.otf in Resources */,
				5BF9D676D95F28D503E3DDAE /* Apercu Pro Mono.otf in Resources */,
				34770BF0A9ACD8B28D7DCAFB /* Apercu Pro Regular.otf in Resources */,
				14DA2307559AE8A9A4589FBD /* Assets.xcassets in Resources */,
				DA5F9BBC3EF0DC724C7A012E /* Assets.xcassets in Resources */,
				1C871F192594E2CD02119751 /* PrivacyInfo.xcprivacy in Resources */,
				FBE25B635AA8A68B5649DF22 /* README.md in Resources */,
				9E6B3A6A1777FE3930E87271 /* isa-setting-process.md in Resources */,
				B81AC2EA56708288101A5555 /* objection-handling-playbook.md in Resources */,
				D50339437AA66867FBA91A7E /* objection-think-about-it.md in Resources */,
				49B122E71FDC43487018A782 /* policy-crm-hygiene.md in Resources */,
				7FFEF2C2F27346D60739DFD7 /* policy-eod-hygiene.md in Resources */,
				B9CCA69A4358D2099BB2E931 /* simple-discovery-framework-phone-setters.md in Resources */,
				8A7BFD81C96F98343FC989A8 /* world-class-client-delivery-systems.md in Resources */,
			);
			runOnlyForDeploymentPostprocessing = 0;
		};
/* End PBXResourcesBuildPhase section */

/* Begin PBXSourcesBuildPhase section */
		08B14240C08C666E9FB087EC /* Sources */ = {
			isa = PBXSourcesBuildPhase;
			buildActionMask = 2147483647;
			files = (
				02D5D549772D6BE520728FEB /* BunOrgProbeTests.swift in Sources */,
				E303239DFBFBAD37D545E185 /* ClientPriorityTests.swift in Sources */,
				75D08C1C1F7D558B4DC9EFEA /* FeatureNavigationTests.swift in Sources */,
				D6E8F90DDA27C979E44EDA33 /* HomeActionRoutingTests.swift in Sources */,
				A39D25067873C4F71C3A6A84 /* LoadStateTests.swift in Sources */,
				22CEA37A0E1631C85E480CA9 /* PayoutsCalcTests.swift in Sources */,
				0C502646AB77CF4EDD58D7B6 /* RoleDestinationPolicyTests.swift in Sources */,
				55D06F2F042CB2DCB6BED741 /* StudentHealthTests.swift in Sources */,
			);
			runOnlyForDeploymentPostprocessing = 0;
		};
		1AFE4EC550594DA108253E4D /* Sources */ = {
			isa = PBXSourcesBuildPhase;
			buildActionMask = 2147483647;
			files = (
				A9B9BC6CFD53E3166A0BB1C8 /* AuthStore.swift in Sources */,
				74768A9B479074E2A7E9E309 /* AuthView.swift in Sources */,
				B02157FCD3E396D7BFDBADC1 /* BunActions.swift in Sources */,
				F04F8F8CA9DF3F0B0A4EE294 /* BunBanking.swift in Sources */,
				162135FE67E49B4D0D199AF3 /* BunCallLog.swift in Sources */,
				07FC20939BBBF3A4C3B1091D /* BunClients.swift in Sources */,
				3968DA0A1A83C6BAAEC25BA7 /* BunComponents.swift in Sources */,
				37D303ED5FCFD30C46A293E7 /* BunData.swift in Sources */,
				552CDA45CF94A867EA2AB5E9 /* BunFixtures.swift in Sources */,
				6193F96F7E1C37D4B9AD5080 /* BunFlows.swift in Sources */,
				0A83CF32BEA860C53DEF77B4 /* BunHome.swift in Sources */,
				22F1535320ACE135308A202A /* BunIcons.swift in Sources */,
				A4E17DAB462FCED5A1E218D3 /* BunMoneyActions.swift in Sources */,
				90B6A7E99CC314FF1CA5EDC1 /* BunMoveMoney.swift in Sources */,
				7F1B7C56C4AC5F6B91018DFE /* BunMovement.swift in Sources */,
				D7CEF885C3F5C6D994DE05C4 /* BunOnboarding.swift in Sources */,
				CB5CA7854B1C4F109116C21A /* BunPeople.swift in Sources */,
				0165D59B585B6BF845AB6F55 /* BunSchedule.swift in Sources */,
				77B7A921E7D0F310ABE82B51 /* BunSheets.swift in Sources */,
				5663021EED0C0A46A7DDF5CD /* BunShell.swift in Sources */,
				FBDAF4D22974EBF0CE5C697F /* BunTeam.swift in Sources */,
				AA092A861B0904BDE6977689 /* BunTheme.swift in Sources */,
				C36F2D86492FDAD2E1E4849F /* BunTransactions.swift in Sources */,
				DF31E1D47C16F256E23EDBDE /* BunWelcome.swift in Sources */,
				C3696207A9EE0C582553943A /* BunWork.swift in Sources */,
				7FA7FD5BDF411CF5C28295EE /* ClientPriority.swift in Sources */,
				4B3B6082562F700C0AA9E795 /* FeatureNavigation.swift in Sources */,
				FC36D8521EA779B953EFCA50 /* HomeAction.swift in Sources */,
				74DE9D4302D252C6829D8046 /* IvyPortalApp.swift in Sources */,
				EB3B13FA2F5475E1D155D286 /* LoadState.swift in Sources */,
				909636404B9D05D730AFF995 /* PayoutsCalc.swift in Sources */,
				0F345A257EDD1ABB023022EA /* PortalAPI.swift in Sources */,
				73F79BE350AC53836331381A /* PortalConfig.swift in Sources */,
				06639E837D93A6C0E122E9D7 /* RoleDestinationPolicy.swift in Sources */,
				34499D37FEA0C43D28E4CEF4 /* StudentHealth.swift in Sources */,
				D9CA44ECA616659D6A274153 /* Tokens.swift in Sources */,
				62774EEB02BFB8525D882A7D /* Typography.swift in Sources */,
				4E7990943F3DF74483B4FD82 /* WorkFixtures.swift in Sources */,
			);
			runOnlyForDeploymentPostprocessing = 0;
		};
		F40A787CB4B2125ABE854316 /* Sources */ = {
			isa = PBXSourcesBuildPhase;
			buildActionMask = 2147483647;
			files = (
				25EB1150A2EA1A9E6D833411 /* IvyPortalInteractionTests.swift in Sources */,
			);
			runOnlyForDeploymentPostprocessing = 0;
		};
/* End PBXSourcesBuildPhase section */

/* Begin PBXTargetDependency section */
		203E3C83B105CCC770525F5C /* PBXTargetDependency */ = {
			isa = PBXTargetDependency;
			target = DEDE56CF35B1A577B557D803 /* IvyPortal */;
			targetProxy = 5CBED5C87630A5D4B9D376D2 /* PBXContainerItemProxy */;
		};
		582B5A5AE9C4A916602525BA /* PBXTargetDependency */ = {
			isa = PBXTargetDependency;
			target = DEDE56CF35B1A577B557D803 /* IvyPortal */;
			targetProxy = 6875EF41385252A8012F6C16 /* PBXContainerItemProxy */;
		};
/* End PBXTargetDependency section */

/* Begin XCBuildConfiguration section */
		20132526577E14D915A92E83 /* Release */ = {
			isa = XCBuildConfiguration;
			buildSettings = {
				ALWAYS_SEARCH_USER_PATHS = NO;
				CLANG_ANALYZER_NONNULL = YES;
				CLANG_ANALYZER_NUMBER_OBJECT_CONVERSION = YES_AGGRESSIVE;
				CLANG_CXX_LANGUAGE_STANDARD = "gnu++14";
				CLANG_CXX_LIBRARY = "libc++";
				CLANG_ENABLE_MODULES = YES;
				CLANG_ENABLE_OBJC_ARC = YES;
				CLANG_ENABLE_OBJC_WEAK = YES;
				CLANG_WARN_BLOCK_CAPTURE_AUTORELEASING = YES;
				CLANG_WARN_BOOL_CONVERSION = YES;
				CLANG_WARN_COMMA = YES;
				CLANG_WARN_CONSTANT_CONVERSION = YES;
				CLANG_WARN_DEPRECATED_OBJC_IMPLEMENTATIONS = YES;
				CLANG_WARN_DIRECT_OBJC_ISA_USAGE = YES_ERROR;
				CLANG_WARN_DOCUMENTATION_COMMENTS = YES;
				CLANG_WARN_EMPTY_BODY = YES;
				CLANG_WARN_ENUM_CONVERSION = YES;
				CLANG_WARN_INFINITE_RECURSION = YES;
				CLANG_WARN_INT_CONVERSION = YES;
				CLANG_WARN_NON_LITERAL_NULL_CONVERSION = YES;
				CLANG_WARN_OBJC_IMPLICIT_RETAIN_SELF = YES;
				CLANG_WARN_OBJC_LITERAL_CONVERSION = YES;
				CLANG_WARN_OBJC_ROOT_CLASS = YES_ERROR;
				CLANG_WARN_QUOTED_INCLUDE_IN_FRAMEWORK_HEADER = YES;
				CLANG_WARN_RANGE_LOOP_ANALYSIS = YES;
				CLANG_WARN_STRICT_PROTOTYPES = YES;
				CLANG_WARN_SUSPICIOUS_MOVE = YES;
				CLANG_WARN_UNGUARDED_AVAILABILITY = YES_AGGRESSIVE;
				CLANG_WARN_UNREACHABLE_CODE = YES;
				CLANG_WARN__DUPLICATE_METHOD_MATCH = YES;
				CODE_SIGNING_ALLOWED = NO;
				COPY_PHASE_STRIP = NO;
				CURRENT_PROJECT_VERSION = 1;
				DEBUG_INFORMATION_FORMAT = "dwarf-with-dsym";
				DEVELOPMENT_TEAM = "";
				ENABLE_NS_ASSERTIONS = NO;
				ENABLE_STRICT_OBJC_MSGSEND = YES;
				GCC_C_LANGUAGE_STANDARD = gnu11;
				GCC_NO_COMMON_BLOCKS = YES;
				GCC_WARN_64_TO_32_BIT_CONVERSION = YES;
				GCC_WARN_ABOUT_RETURN_TYPE = YES_ERROR;
				GCC_WARN_UNDECLARED_SELECTOR = YES;
				GCC_WARN_UNINITIALIZED_AUTOS = YES_AGGRESSIVE;
				GCC_WARN_UNUSED_FUNCTION = YES;
				GCC_WARN_UNUSED_VARIABLE = YES;
				GENERATE_INFOPLIST_FILE = YES;
				IPHONEOS_DEPLOYMENT_TARGET = 18.0;
				MARKETING_VERSION = 0.1.0;
				MTL_ENABLE_DEBUG_INFO = NO;
				MTL_FAST_MATH = YES;
				PRODUCT_NAME = "$(TARGET_NAME)";
				SDKROOT = iphoneos;
				SWIFT_COMPILATION_MODE = wholemodule;
				SWIFT_OPTIMIZATION_LEVEL = "-O";
				SWIFT_VERSION = 6.0;
			};
			name = Release;
		};
		2106CE6F52690E69E5EBEF31 /* Release */ = {
			isa = XCBuildConfiguration;
			buildSettings = {
				ASSETCATALOG_COMPILER_APPICON_NAME = AppIcon;
				CODE_SIGN_IDENTITY = "iPhone Developer";
				GENERATE_INFOPLIST_FILE = NO;
				INFOPLIST_FILE = IvyPortal/Info.plist;
				LD_RUNPATH_SEARCH_PATHS = (
					"$(inherited)",
					"@executable_path/Frameworks",
				);
				PRODUCT_BUNDLE_IDENTIFIER = com.ivysalesacademy.ivyportal;
				PRODUCT_NAME = IvyPortal;
				SDKROOT = iphoneos;
				TARGETED_DEVICE_FAMILY = "1,2";
			};
			name = Release;
		};
		67FEDF51A698C7C90A289EA0 /* Debug */ = {
			isa = XCBuildConfiguration;
			buildSettings = {
				ALWAYS_SEARCH_USER_PATHS = NO;
				CLANG_ANALYZER_NONNULL = YES;
				CLANG_ANALYZER_NUMBER_OBJECT_CONVERSION = YES_AGGRESSIVE;
				CLANG_CXX_LANGUAGE_STANDARD = "gnu++14";
				CLANG_CXX_LIBRARY = "libc++";
				CLANG_ENABLE_MODULES = YES;
				CLANG_ENABLE_OBJC_ARC = YES;
				CLANG_ENABLE_OBJC_WEAK = YES;
				CLANG_WARN_BLOCK_CAPTURE_AUTORELEASING = YES;
				CLANG_WARN_BOOL_CONVERSION = YES;
				CLANG_WARN_COMMA = YES;
				CLANG_WARN_CONSTANT_CONVERSION = YES;
				CLANG_WARN_DEPRECATED_OBJC_IMPLEMENTATIONS = YES;
				CLANG_WARN_DIRECT_OBJC_ISA_USAGE = YES_ERROR;
				CLANG_WARN_DOCUMENTATION_COMMENTS = YES;
				CLANG_WARN_EMPTY_BODY = YES;
				CLANG_WARN_ENUM_CONVERSION = YES;
				CLANG_WARN_INFINITE_RECURSION = YES;
				CLANG_WARN_INT_CONVERSION = YES;
				CLANG_WARN_NON_LITERAL_NULL_CONVERSION = YES;
				CLANG_WARN_OBJC_IMPLICIT_RETAIN_SELF = YES;
				CLANG_WARN_OBJC_LITERAL_CONVERSION = YES;
				CLANG_WARN_OBJC_ROOT_CLASS = YES_ERROR;
				CLANG_WARN_QUOTED_INCLUDE_IN_FRAMEWORK_HEADER = YES;
				CLANG_WARN_RANGE_LOOP_ANALYSIS = YES;
				CLANG_WARN_STRICT_PROTOTYPES = YES;
				CLANG_WARN_SUSPICIOUS_MOVE = YES;
				CLANG_WARN_UNGUARDED_AVAILABILITY = YES_AGGRESSIVE;
				CLANG_WARN_UNREACHABLE_CODE = YES;
				CLANG_WARN__DUPLICATE_METHOD_MATCH = YES;
				CODE_SIGNING_ALLOWED = NO;
				COPY_PHASE_STRIP = NO;
				CURRENT_PROJECT_VERSION = 1;
				DEBUG_INFORMATION_FORMAT = dwarf;
				DEVELOPMENT_TEAM = "";
				ENABLE_STRICT_OBJC_MSGSEND = YES;
				ENABLE_TESTABILITY = YES;
				GCC_C_LANGUAGE_STANDARD = gnu11;
				GCC_DYNAMIC_NO_PIC = NO;
				GCC_NO_COMMON_BLOCKS = YES;
				GCC_OPTIMIZATION_LEVEL = 0;
				GCC_PREPROCESSOR_DEFINITIONS = (
					"$(inherited)",
					"DEBUG=1",
				);
				GCC_WARN_64_TO_32_BIT_CONVERSION = YES;
				GCC_WARN_ABOUT_RETURN_TYPE = YES_ERROR;
				GCC_WARN_UNDECLARED_SELECTOR = YES;
				GCC_WARN_UNINITIALIZED_AUTOS = YES_AGGRESSIVE;
				GCC_WARN_UNUSED_FUNCTION = YES;
				GCC_WARN_UNUSED_VARIABLE = YES;
				GENERATE_INFOPLIST_FILE = YES;
				IPHONEOS_DEPLOYMENT_TARGET = 18.0;
				MARKETING_VERSION = 0.1.0;
				MTL_ENABLE_DEBUG_INFO = INCLUDE_SOURCE;
				MTL_FAST_MATH = YES;
				ONLY_ACTIVE_ARCH = YES;
				PRODUCT_NAME = "$(TARGET_NAME)";
				SDKROOT = iphoneos;
				SWIFT_ACTIVE_COMPILATION_CONDITIONS = DEBUG;
				SWIFT_OPTIMIZATION_LEVEL = "-Onone";
				SWIFT_VERSION = 6.0;
			};
			name = Debug;
		};
		78BD9500A87FF1928FA81729 /* Release */ = {
			isa = XCBuildConfiguration;
			buildSettings = {
				BUNDLE_LOADER = "$(TEST_HOST)";
				LD_RUNPATH_SEARCH_PATHS = (
					"$(inherited)",
					"@executable_path/Frameworks",
					"@loader_path/Frameworks",
				);
				PRODUCT_BUNDLE_IDENTIFIER = com.ivysalesacademy.ivyportal.tests;
				SDKROOT = iphoneos;
				TARGETED_DEVICE_FAMILY = "1,2";
				TEST_HOST = "$(BUILT_PRODUCTS_DIR)/IvyPortal.app/IvyPortal";
			};
			name = Release;
		};
		88DA605B59E6F3510E8A7F66 /* Release */ = {
			isa = XCBuildConfiguration;
			buildSettings = {
				BUNDLE_LOADER = "$(TEST_HOST)";
				LD_RUNPATH_SEARCH_PATHS = (
					"$(inherited)",
					"@executable_path/Frameworks",
					"@loader_path/Frameworks",
				);
				PRODUCT_BUNDLE_IDENTIFIER = com.ivysalesacademy.ivyportal.uitests;
				SDKROOT = iphoneos;
				TARGETED_DEVICE_FAMILY = "1,2";
				TEST_TARGET_NAME = IvyPortal;
			};
			name = Release;
		};
		9E00A3F9AA60D474A2BB933E /* Debug */ = {
			isa = XCBuildConfiguration;
			buildSettings = {
				ASSETCATALOG_COMPILER_APPICON_NAME = AppIcon;
				CODE_SIGN_IDENTITY = "iPhone Developer";
				GENERATE_INFOPLIST_FILE = NO;
				INFOPLIST_FILE = IvyPortal/Info.plist;
				LD_RUNPATH_SEARCH_PATHS = (
					"$(inherited)",
					"@executable_path/Frameworks",
				);
				PRODUCT_BUNDLE_IDENTIFIER = com.ivysalesacademy.ivyportal;
				PRODUCT_NAME = IvyPortal;
				SDKROOT = iphoneos;
				TARGETED_DEVICE_FAMILY = "1,2";
			};
			name = Debug;
		};
		D73F75E92CEB8EAB64A6311F /* Debug */ = {
			isa = XCBuildConfiguration;
			buildSettings = {
				BUNDLE_LOADER = "$(TEST_HOST)";
				LD_RUNPATH_SEARCH_PATHS = (
					"$(inherited)",
					"@executable_path/Frameworks",
					"@loader_path/Frameworks",
				);
				PRODUCT_BUNDLE_IDENTIFIER = com.ivysalesacademy.ivyportal.tests;
				SDKROOT = iphoneos;
				TARGETED_DEVICE_FAMILY = "1,2";
				TEST_HOST = "$(BUILT_PRODUCTS_DIR)/IvyPortal.app/IvyPortal";
			};
			name = Debug;
		};
		E3E8F0CDDA8263D5C1767A32 /* Debug */ = {
			isa = XCBuildConfiguration;
			buildSettings = {
				BUNDLE_LOADER = "$(TEST_HOST)";
				LD_RUNPATH_SEARCH_PATHS = (
					"$(inherited)",
					"@executable_path/Frameworks",
					"@loader_path/Frameworks",
				);
				PRODUCT_BUNDLE_IDENTIFIER = com.ivysalesacademy.ivyportal.uitests;
				SDKROOT = iphoneos;
				TARGETED_DEVICE_FAMILY = "1,2";
				TEST_TARGET_NAME = IvyPortal;
			};
			name = Debug;
		};
/* End XCBuildConfiguration section */

/* Begin XCConfigurationList section */
		14875CBDAC513A9D2896DE37 /* Build configuration list for PBXNativeTarget "IvyPortalTests" */ = {
			isa = XCConfigurationList;
			buildConfigurations = (
				D73F75E92CEB8EAB64A6311F /* Debug */,
				78BD9500A87FF1928FA81729 /* Release */,
			);
			defaultConfigurationIsVisible = 0;
			defaultConfigurationName = Debug;
		};
		67F7674C749C0BB6085018F0 /* Build configuration list for PBXNativeTarget "IvyPortalUITests" */ = {
			isa = XCConfigurationList;
			buildConfigurations = (
				E3E8F0CDDA8263D5C1767A32 /* Debug */,
				88DA605B59E6F3510E8A7F66 /* Release */,
			);
			defaultConfigurationIsVisible = 0;
			defaultConfigurationName = Debug;
		};
		A1417B72E6345278CC08439A /* Build configuration list for PBXNativeTarget "IvyPortal" */ = {
			isa = XCConfigurationList;
			buildConfigurations = (
				9E00A3F9AA60D474A2BB933E /* Debug */,
				2106CE6F52690E69E5EBEF31 /* Release */,
			);
			defaultConfigurationIsVisible = 0;
			defaultConfigurationName = Debug;
		};
		C5779F88EC5E4D1914A97D32 /* Build configuration list for PBXProject "IvyPortal" */ = {
			isa = XCConfigurationList;
			buildConfigurations = (
				67FEDF51A698C7C90A289EA0 /* Debug */,
				20132526577E14D915A92E83 /* Release */,
			);
			defaultConfigurationIsVisible = 0;
			defaultConfigurationName = Debug;
		};
/* End XCConfigurationList section */

/* Begin XCRemoteSwiftPackageReference section */
		95C0DBC19D173EBE8210DFDF /* XCRemoteSwiftPackageReference "supabase-swift" */ = {
			isa = XCRemoteSwiftPackageReference;
			repositoryURL = "https://github.com/supabase/supabase-swift";
			requirement = {
				kind = upToNextMajorVersion;
				minimumVersion = 2.0.0;
			};
		};
/* End XCRemoteSwiftPackageReference section */

/* Begin XCSwiftPackageProductDependency section */
		FED59E459B48672F9C197181 /* Supabase */ = {
			isa = XCSwiftPackageProductDependency;
			package = 95C0DBC19D173EBE8210DFDF /* XCRemoteSwiftPackageReference "supabase-swift" */;
			productName = Supabase;
		};
/* End XCSwiftPackageProductDependency section */
	};
	rootObject = B9A50FF7A4727DABD2F741D2 /* Project object */;
}
